// !$*UTF8*$!
{
	archiveVersion = 1;
	classes = {
	};
	objectVersion = 46;
	objects = {

/* Begin PBXBuildFile section */
		08363F741A5778E4007A6827 /* AppDelegate.swift in Sources */ = {isa = PBXBuildFile; fileRef = 08363F731A5778E4007A6827 /* AppDelegate.swift */; };
		08363F761A5778E4007A6827 /* ViewController.swift in Sources */ = {isa = PBXBuildFile; fileRef = 08363F751A5778E4007A6827 /* ViewController.swift */; };
		08363F791A5778E4007A6827 /* Main.storyboard in Resources */ = {isa = PBXBuildFile; fileRef = 08363F771A5778E4007A6827 /* Main.storyboard */; };
		08363F7B1A5778E4007A6827 /* Images.xcassets in Resources */ = {isa = PBXBuildFile; fileRef = 08363F7A1A5778E4007A6827 /* Images.xcassets */; };
		08363F7E1A5778E4007A6827 /* LaunchScreen.xib in Resources */ = {isa = PBXBuildFile; fileRef = 08363F7C1A5778E4007A6827 /* LaunchScreen.xib */; };
		08363F8A1A5778E4007A6827 /* toast_projectTests.swift in Sources */ = {isa = PBXBuildFile; fileRef = 08363F891A5778E4007A6827 /* toast_projectTests.swift */; };
/* End PBXBuildFile section */

/* Begin PBXContainerItemProxy section */
		08363F841A5778E4007A6827 /* PBXContainerItemProxy */ = {
			isa = PBXContainerItemProxy;
			containerPortal = 08363F661A5778E4007A6827 /* Project object */;
			proxyType = 1;
			remoteGlobalIDString = 08363F6D1A5778E4007A6827;
			remoteInfo = "toast-project";
		};
/* End PBXContainerItemProxy section */

/* Begin PBXFileReference section */
		08363F6E1A5778E4007A6827 /* toast-project.app */ = {isa = PBXFileReference; explicitFileType = wrapper.application; includeInIndex = 0; path = "toast-project.app"; sourceTree = BUILT_PRODUCTS_DIR; };
		08363F721A5778E4007A6827 /* Info.plist */ = {isa = PBXFileReference; lastKnownFileType = text.plist.xml; path = Info.plist; sourceTree = "<group>"; };
		08363F731A5778E4007A6827 /* AppDelegate.swift */ = {isa = PBXFileReference; lastKnownFileType = sourcecode.swift; path = AppDelegate.swift; sourceTree = "<group>"; };
		08363F751A5778E4007A6827 /* ViewController.swift */ = {isa = PBXFileReference; lastKnownFileType = sourcecode.swift; path = ViewController.swift; sourceTree = "<group>"; };
		08363F781A5778E4007A6827 /* Base */ = {isa = PBXFileReference; lastKnownFileType = file.storyboard; name = Base; path = Base.lproj/Main.storyboard; sourceTree = "<group>"; };
		08363F7A1A5778E4007A6827 /* Images.xcassets */ = {isa = PBXFileReference; lastKnownFileType = folder.assetcatalog; path = Images.xcassets; sourceTree = "<group>"; };
		08363F7D1A5778E4007A6827 /* Base */ = {isa = PBXFileReference; lastKnownFileType = file.xib; name = Base; path = Base.lproj/LaunchScreen.xib; sourceTree = "<group>"; };
		08363F831A5778E4007A6827 /* toast-projectTests.xctest */ = {isa = PBXFileReference; explicitFileType = wrapper.cfbundle; includeInIndex = 0; path = "toast-projectTests.xctest"; sourceTree = BUILT_PRODUCTS_DIR; };
		08363F881A5778E4007A6827 /* Info.plist */ = {isa = PBXFileReference; lastKnownFileType = text.plist.xml; path = Info.plist; sourceTree = "<group>"; };
		08363F891A5778E4007A6827 /* toast_projectTests.swift */ = {isa = PBXFileReference; lastKnownFileType = sourcecode.swift; path = toast_projectTests.swift; sourceTree = "<group>"; };
/* End PBXFileReference section */

/* Begin PBXFrameworksBuildPhase section */
		08363F6B1A5778E4007A6827 /* Frameworks */ = {
			isa = PBXFrameworksBuildPhase;
			buildActionMask = 2147483647;
			files = (
			);
			runOnlyForDeploymentPostprocessing = 0;
		};
		08363F801A5778E4007A6827 /* Frameworks */ = {
			isa = PBXFrameworksBuildPhase;
			buildActionMask = 2147483647;
			files = (
			);
			runOnlyForDeploymentPostprocessing = 0;
		};
/* End PBXFrameworksBuildPhase section */

/* Begin PBXGroup section */
		08363F651A5778E4007A6827 = {
			isa = PBXGroup;
			children = (
				08363F701A5778E4007A6827 /* toast-project */,
				08363F861A5778E4007A6827 /* toast-projectTests */,
				08363F6F1A5778E4007A6827 /* Products */,
			);
			sourceTree = "<group>";
		};
		08363F6F1A5778E4007A6827 /* Products */ = {
			isa = PBXGroup;
			children = (
				08363F6E1A5778E4007A6827 /* toast-project.app */,
				08363F831A5778E4007A6827 /* toast-projectTests.xctest */,
			);
			name = Products;
			sourceTree = "<group>";
		};
		08363F701A5778E4007A6827 /* toast-project */ = {
			isa = PBXGroup;
			children = (
				08363F731A5778E4007A6827 /* AppDelegate.swift */,
				08363F751A5778E4007A6827 /* ViewController.swift */,
				08363F771A5778E4007A6827 /* Main.storyboard */,
				08363F7A1A5778E4007A6827 /* Images.xcassets */,
				08363F7C1A5778E4007A6827 /* LaunchScreen.xib */,
				08363F711A5778E4007A6827 /* Supporting Files */,
			);
			path = "toast-project";
			sourceTree = "<group>";
		};
		08363F711A5778E4007A6827 /* Supporting Files */ = {
			isa = PBXGroup;
			children = (
				08363F721A5778E4007A6827 /* Info.plist */,
			);
			name = "Supporting Files";
			sourceTree = "<group>";
		};
		08363F861A5778E4007A6827 /* toast-projectTests */ = {
			isa = PBXGroup;
			children = (
				08363F891A5778E4007A6827 /* toast_projectTests.swift */,
				08363F871A5778E4007A6827 /* Supporting Files */,
			);
			path = "toast-projectTests";
			sourceTree = "<group>";
		};
		08363F871A5778E4007A6827 /* Supporting Files */ = {
			isa = PBXGroup;
			children = (
				08363F881A5778E4007A6827 /* Info.plist */,
			);
			name = "Supporting Files";
			sourceTree = "<group>";
		};
/* End PBXGroup section */

/* Begin PBXNativeTarget section */
		08363F6D1A5778E4007A6827 /* toast-project */ = {
			isa = PBXNativeTarget;
			buildConfigurationList = 08363F8D1A5778E4007A6827 /* Build configuration list for PBXNativeTarget "toast-project" */;
			buildPhases = (
				08363F6A1A5778E4007A6827 /* Sources */,
				08363F6B1A5778E4007A6827 /* Frameworks */,
				08363F6C1A5778E4007A6827 /* Resources */,
			);
			buildRules = (
			);
			dependencies = (
			);
			name = "toast-project";
			productName = "toast-project";
			productReference = 08363F6E1A5778E4007A6827 /* toast-project.app */;
			productType = "com.apple.product-type.application";
		};
		08363F821A5778E4007A6827 /* toast-projectTests */ = {
			isa = PBXNativeTarget;
			buildConfigurationList = 08363F901A5778E4007A6827 /* Build configuration list for PBXNativeTarget "toast-projectTests" */;
			buildPhases = (
				08363F7F1A5778E4007A6827 /* Sources */,
				08363F801A5778E4007A6827 /* Frameworks */,
				08363F811A5778E4007A6827 /* Resources */,
			);
			buildRules = (
			);
			dependencies = (
				08363F851A5778E4007A6827 /* PBXTargetDependency */,
			);
			name = "toast-projectTests";
			productName = "toast-projectTests";
			productReference = 08363F831A5778E4007A6827 /* toast-projectTests.xctest */;
			productType = "com.apple.product-type.bundle.unit-test";
		};
/* End PBXNativeTarget section */

/* Begin PBXProject section */
		08363F661A5778E4007A6827 /* Project object */ = {
			isa = PBXProject;
			attributes = {
				LastUpgradeCheck = 0610;
				ORGANIZATIONNAME = "Diego Cruz";
				TargetAttributes = {
					08363F6D1A5778E4007A6827 = {
						CreatedOnToolsVersion = 6.1.1;
					};
					08363F821A5778E4007A6827 = {
						CreatedOnToolsVersion = 6.1.1;
						TestTargetID = 08363F6D1A5778E4007A6827;
					};
				};
			};
			buildConfigurationList = 08363F691A5778E4007A6827 /* Build configuration list for PBXProject "toast-project" */;
			compatibilityVersion = "Xcode 3.2";
			developmentRegion = English;
			hasScannedForEncodings = 0;
			knownRegions = (
				en,
				Base,
			);
			mainGroup = 08363F651A5778E4007A6827;
			productRefGroup = 08363F6F1A5778E4007A6827 /* Products */;
			projectDirPath = "";
			projectRoot = "";
			targets = (
				08363F6D1A5778E4007A6827 /* toast-project */,
				08363F821A5778E4007A6827 /* toast-projectTests */,
			);
		};
/* End PBXProject section */

/* Begin PBXResourcesBuildPhase section */
		08363F6C1A5778E4007A6827 /* Resources */ = {
			isa = PBXResourcesBuildPhase;
			buildActionMask = 2147483647;
			files = (
				08363F791A5778E4007A6827 /* Main.storyboard in Resources */,
				08363F7E1A5778E4007A6827 /* LaunchScreen.xib in Resources */,
				08363F7B1A5778E4007A6827 /* Images.xcassets in Resources */,
			);
			runOnlyForDeploymentPostprocessing = 0;
		};
		08363F811A5778E4007A6827 /* Resources */ = {
			isa = PBXResourcesBuildPhase;
			buildActionMask = 2147483647;
			files = (
			);
			runOnlyForDeploymentPostprocessing = 0;
		};
/* End PBXResourcesBuildPhase section */

/* Begin PBXSourcesBuildPhase section */
		08363F6A1A5778E4007A6827 /* Sources */ = {
			isa = PBXSourcesBuildPhase;
			buildActionMask = 2147483647;
			files = (
				08363F761A5778E4007A6827 /* ViewController.swift in Sources */,
				08363F741A5778E4007A6827 /* AppDelegate.swift in Sources */,
			);
			runOnlyForDeploymentPostprocessing = 0;
		};
		08363F7F1A5778E4007A6827 /* Sources */ = {
			isa = PBXSourcesBuildPhase;
			buildActionMask = 2147483647;
			files = (
				08363F8A1A5778E4007A6827 /* toast_projectTests.swift in Sources */,
			);
			runOnlyForDeploymentPostprocessing = 0;
		};
/* End PBXSourcesBuildPhase section */

/* Begin PBXTargetDependency section */
		08363F851A5778E4007A6827 /* PBXTargetDependency */ = {
			isa = PBXTargetDependency;
			target = 08363F6D1A5778E4007A6827 /* toast-project */;
			targetProxy = 08363F841A5778E4007A6827 /* PBXContainerItemProxy */;
		};
/* End PBXTargetDependency section */

/* Begin PBXVariantGroup section */
		08363F771A5778E4007A6827 /* Main.storyboard */ = {
			isa = PBXVariantGroup;
			children = (
				08363F781A5778E4007A6827 /* Base */,
			);
			name = Main.storyboard;
			sourceTree = "<group>";
		};
		08363F7C1A5778E4007A6827 /* LaunchScreen.xib */ = {
			isa = PBXVariantGroup;
			children = (
				08363F7D1A5778E4007A6827 /* Base */,
			);
			name = LaunchScreen.xib;
			sourceTree = "<group>";
		};
/* End PBXVariantGroup section */

/* Begin XCBuildConfiguration section */
		08363F8B1A5778E4007A6827 /* Debug */ = {
			isa = XCBuildConfiguration;
			buildSettings = {
				ALWAYS_SEARCH_USER_PATHS = NO;
				CLANG_CXX_LANGUAGE_STANDARD = "gnu++0x";
				CLANG_CXX_LIBRARY = "libc++";
				CLANG_ENABLE_MODULES = YES;
				CLANG_ENABLE_OBJC_ARC = YES;
				CLANG_WARN_BOOL_CONVERSION = YES;
				CLANG_WARN_CONSTANT_CONVERSION = YES;
				CLANG_WARN_DIRECT_OBJC_ISA_USAGE = YES_ERROR;
				CLANG_WARN_EMPTY_BODY = YES;
				CLANG_WARN_ENUM_CONVERSION = YES;
				CLANG_WARN_INT_CONVERSION = YES;
				CLANG_WARN_OBJC_ROOT_CLASS = YES_ERROR;
				CLANG_WARN_UNREACHABLE_CODE = YES;
				CLANG_WARN__DUPLICATE_METHOD_MATCH = YES;
				"CODE_SIGN_IDENTITY[sdk=iphoneos*]" = "iPhone Developer";
				COPY_PHASE_STRIP = NO;
				ENABLE_STRICT_OBJC_MSGSEND = YES;
				GCC_C_LANGUAGE_STANDARD = gnu99;
				GCC_DYNAMIC_NO_PIC = NO;
				GCC_OPTIMIZATION_LEVEL = 0;
				GCC_PREPROCESSOR_DEFINITIONS = (
					"DEBUG=1",
					"$(inherited)",
				);
				GCC_SYMBOLS_PRIVATE_EXTERN = NO;
				GCC_WARN_64_TO_32_BIT_CONVERSION = YES;
				GCC_WARN_ABOUT_RETURN_TYPE = YES_ERROR;
				GCC_WARN_UNDECLARED_SELECTOR = YES;
				GCC_WARN_UNINITIALIZED_AUTOS = YES_AGGRESSIVE;
				GCC_WARN_UNUSED_FUNCTION = YES;
				GCC_WARN_UNUSED_VARIABLE = YES;
				IPHONEOS_DEPLOYMENT_TARGET = 8.1;
				MTL_ENABLE_DEBUG_INFO = YES;
				ONLY_ACTIVE_ARCH = YES;
				SDKROOT = iphoneos;
				SWIFT_OPTIMIZATION_LEVEL = "-Onone";
			};
			name = Debug;
		};
		08363F8C1A5778E4007A6827 /* Release */ = {
			isa = XCBuildConfiguration;
			buildSettings = {
				ALWAYS_SEARCH_USER_PATHS = NO;
				CLANG_CXX_LANGUAGE_STANDARD = "gnu++0x";
				CLANG_CXX_LIBRARY = "libc++";
				CLANG_ENABLE_MODULES = YES;
				CLANG_ENABLE_OBJC_ARC = YES;
				CLANG_WARN_BOOL_CONVERSION = YES;
				CLANG_WARN_CONSTANT_CONVERSION = YES;
				CLANG_WARN_DIRECT_OBJC_ISA_USAGE = YES_ERROR;
				CLANG_WARN_EMPTY_BODY = YES;
				CLANG_WARN_ENUM_CONVERSION = YES;
				CLANG_WARN_INT_CONVERSION = YES;
				CLANG_WARN_OBJC_ROOT_CLASS = YES_ERROR;
				CLANG_WARN_UNREACHABLE_CODE = YES;
				CLANG_WARN__DUPLICATE_METHOD_MATCH = YES;
				"CODE_SIGN_IDENTITY[sdk=iphoneos*]" = "iPhone Developer";
				COPY_PHASE_STRIP = YES;
				ENABLE_NS_ASSERTIONS = NO;
				ENABLE_STRICT_OBJC_MSGSEND = YES;
				GCC_C_LANGUAGE_STANDARD = gnu99;
				GCC_WARN_64_TO_32_BIT_CONVERSION = YES;
				GCC_WARN_ABOUT_RETURN_TYPE = YES_ERROR;
				GCC_WARN_UNDECLARED_SELECTOR = YES;
				GCC_WARN_UNINITIALIZED_AUTOS = YES_AGGRESSIVE;
				GCC_WARN_UNUSED_FUNCTION = YES;
				GCC_WARN_UNUSED_VARIABLE = YES;
				IPHONEOS_DEPLOYMENT_TARGET = 8.1;
				MTL_ENABLE_DEBUG_INFO = NO;
				SDKROOT = iphoneos;
				VALIDATE_PRODUCT = YES;
			};
			name = Release;
		};
		08363F8E1A5778E4007A6827 /* Debug */ = {
			isa = XCBuildConfiguration;
			buildSettings = {
				ASSETCATALOG_COMPILER_APPICON_NAME = AppIcon;
				INFOPLIST_FILE = "toast-project/Info.plist";
				LD_RUNPATH_SEARCH_PATHS = "$(inherited) @executable_path/Frameworks";
				PRODUCT_NAME = "$(TARGET_NAME)";
			};
			name = Debug;
		};
		08363F8F1A5778E4007A6827 /* Release */ = {
			isa = XCBuildConfiguration;
			buildSettings = {
				ASSETCATALOG_COMPILER_APPICON_NAME = AppIcon;
				INFOPLIST_FILE = "toast-project/Info.plist";
				LD_RUNPATH_SEARCH_PATHS = "$(inherited) @executable_path/Frameworks";
				PRODUCT_NAME = "$(TARGET_NAME)";
			};
			name = Release;
		};
		08363F911A5778E4007A6827 /* Debug */ = {
			isa = XCBuildConfiguration;
			buildSettings = {
				BUNDLE_LOADER = "$(TEST_HOST)";
				FRAMEWORK_SEARCH_PATHS = (
					"$(SDKROOT)/Developer/Library/Frameworks",
					"$(inherited)",
				);
				GCC_PREPROCESSOR_DEFINITIONS = (
					"DEBUG=1",
					"$(inherited)",
				);
				INFOPLIST_FILE = "toast-projectTests/Info.plist";
				LD_RUNPATH_SEARCH_PATHS = "$(inherited) @executable_path/Frameworks @loader_path/Frameworks";
				PRODUCT_NAME = "$(TARGET_NAME)";
				TEST_HOST = "$(BUILT_PRODUCTS_DIR)/toast-project.app/toast-project";
			};
			name = Debug;
		};
		08363F921A5778E4007A6827 /* Release */ = {
			isa = XCBuildConfiguration;
			buildSettings = {
				BUNDLE_LOADER = "$(TEST_HOST)";
				FRAMEWORK_SEARCH_PATHS = (
					"$(SDKROOT)/Developer/Library/Frameworks",
					"$(inherited)",
				);
				INFOPLIST_FILE = "toast-projectTests/Info.plist";
				LD_RUNPATH_SEARCH_PATHS = "$(inherited) @executable_path/Frameworks @loader_path/Frameworks";
				PRODUCT_NAME = "$(TARGET_NAME)";
				TEST_HOST = "$(BUILT_PRODUCTS_DIR)/toast-project.app/toast-project";
			};
			name = Release;
		};
/* End XCBuildConfiguration section */

/* Begin XCConfigurationList section */
		08363F691A5778E4007A6827 /* Build configuration list for PBXProject "toast-project" */ = {
			isa = XCConfigurationList;
			buildConfigurations = (
				08363F8B1A5778E4007A6827 /* Debug */,
				08363F8C1A5778E4007A6827 /* Release */,
			);
			defaultConfigurationIsVisible = 0;
			defaultConfigurationName = Release;
		};
		08363F8D1A5778E4007A6827 /* Build configuration list for PBXNativeTarget "toast-project" */ = {
			isa = XCConfigurationList;
			buildConfigurations = (
				08363F8E1A5778E4007A6827 /* Debug */,
				08363F8F1A5778E4007A6827 /* Release */,
			);
			defaultConfigurationIsVisible = 0;
		};
		08363F901A5778E4007A6827 /* Build configuration list for PBXNativeTarget "toast-projectTests" */ = {
			isa = XCConfigurationList;
			buildConfigurations = (
				08363F911A5778E4007A6827 /* Debug */,
				08363F921A5778E4007A6827 /* Release */,
			);
			defaultConfigurationIsVisible = 0;
		};
/* End XCConfigurationList section */
	};
	rootObject = 08363F661A5778E4007A6827 /* Project object */;
}
