// !$*UTF8*$!
{
	archiveVersion = 1;
	classes = {
	};
	objectVersion = 46;
	objects = {

/* Begin PBXBuildFile section */
		08017E801A6DD78600571FB4 /* FacebookSDK.framework in Frameworks */ = {isa = PBXBuildFile; fileRef = 08017E7F1A6DD78600571FB4 /* FacebookSDK.framework */; };
		0801937E1A8E3EBC00CAA770 /* MapKit.framework in Frameworks */ = {isa = PBXBuildFile; fileRef = 0801937D1A8E3EBC00CAA770 /* MapKit.framework */; };
		080193861A8FE45F00CAA770 /* BookingService.swift in Sources */ = {isa = PBXBuildFile; fileRef = 080193851A8FE45F00CAA770 /* BookingService.swift */; };
		080193881A8FFF9300CAA770 /* GenericWebViewController.swift in Sources */ = {isa = PBXBuildFile; fileRef = 080193871A8FFF9300CAA770 /* GenericWebViewController.swift */; };
		080377511A7341ED00E75297 /* LoginSuccesViewController.swift in Sources */ = {isa = PBXBuildFile; fileRef = 080377501A7341ED00E75297 /* LoginSuccesViewController.swift */; };
		08059CEB1ABE407D004A5A78 /* DiscoverViewController.swift in Sources */ = {isa = PBXBuildFile; fileRef = 08059CEA1ABE407D004A5A78 /* DiscoverViewController.swift */; };
		08059CF01ABE40B0004A5A78 /* DiscoverDataSource.swift in Sources */ = {isa = PBXBuildFile; fileRef = 08059CEF1ABE40B0004A5A78 /* DiscoverDataSource.swift */; };
		08059CF61ABE4112004A5A78 /* DiscoverCell.swift in Sources */ = {isa = PBXBuildFile; fileRef = 08059CF51ABE4112004A5A78 /* DiscoverCell.swift */; };
		08059CF81ABE41FE004A5A78 /* DiscoverCell.xib in Resources */ = {isa = PBXBuildFile; fileRef = 08059CF71ABE41FE004A5A78 /* DiscoverCell.xib */; };
		0812C9241A6432BA004A115B /* test-bg.jpg in Resources */ = {isa = PBXBuildFile; fileRef = 0812C9231A6432BA004A115B /* test-bg.jpg */; };
		0812C9401A646424004A115B /* AFHTTPRequestOperation.m in Sources */ = {isa = PBXBuildFile; fileRef = 0812C92E1A646424004A115B /* AFHTTPRequestOperation.m */; };
		0812C9411A646424004A115B /* AFHTTPRequestOperationManager.m in Sources */ = {isa = PBXBuildFile; fileRef = 0812C9301A646424004A115B /* AFHTTPRequestOperationManager.m */; };
		0812C9421A646424004A115B /* AFHTTPSessionManager.m in Sources */ = {isa = PBXBuildFile; fileRef = 0812C9321A646424004A115B /* AFHTTPSessionManager.m */; };
		0812C9431A646424004A115B /* AFNetworkReachabilityManager.m in Sources */ = {isa = PBXBuildFile; fileRef = 0812C9351A646424004A115B /* AFNetworkReachabilityManager.m */; };
		0812C9441A646424004A115B /* AFSecurityPolicy.m in Sources */ = {isa = PBXBuildFile; fileRef = 0812C9371A646424004A115B /* AFSecurityPolicy.m */; };
		0812C9451A646424004A115B /* AFURLConnectionOperation.m in Sources */ = {isa = PBXBuildFile; fileRef = 0812C9391A646424004A115B /* AFURLConnectionOperation.m */; };
		0812C9461A646424004A115B /* AFURLRequestSerialization.m in Sources */ = {isa = PBXBuildFile; fileRef = 0812C93B1A646424004A115B /* AFURLRequestSerialization.m */; };
		0812C9471A646424004A115B /* AFURLResponseSerialization.m in Sources */ = {isa = PBXBuildFile; fileRef = 0812C93D1A646424004A115B /* AFURLResponseSerialization.m */; };
		0812C9481A646424004A115B /* AFURLSessionManager.m in Sources */ = {isa = PBXBuildFile; fileRef = 0812C93F1A646424004A115B /* AFURLSessionManager.m */; };
		0812C95B1A646434004A115B /* AFNetworkActivityIndicatorManager.m in Sources */ = {isa = PBXBuildFile; fileRef = 0812C94B1A646434004A115B /* AFNetworkActivityIndicatorManager.m */; };
		0812C95C1A646434004A115B /* UIActivityIndicatorView+AFNetworking.m in Sources */ = {isa = PBXBuildFile; fileRef = 0812C94D1A646434004A115B /* UIActivityIndicatorView+AFNetworking.m */; };
		0812C95D1A646434004A115B /* UIAlertView+AFNetworking.m in Sources */ = {isa = PBXBuildFile; fileRef = 0812C94F1A646434004A115B /* UIAlertView+AFNetworking.m */; };
		0812C95E1A646434004A115B /* UIButton+AFNetworking.m in Sources */ = {isa = PBXBuildFile; fileRef = 0812C9511A646434004A115B /* UIButton+AFNetworking.m */; };
		0812C95F1A646434004A115B /* UIImageView+AFNetworking.m in Sources */ = {isa = PBXBuildFile; fileRef = 0812C9531A646434004A115B /* UIImageView+AFNetworking.m */; };
		0812C9601A646434004A115B /* UIProgressView+AFNetworking.m in Sources */ = {isa = PBXBuildFile; fileRef = 0812C9561A646434004A115B /* UIProgressView+AFNetworking.m */; };
		0812C9611A646434004A115B /* UIRefreshControl+AFNetworking.m in Sources */ = {isa = PBXBuildFile; fileRef = 0812C9581A646434004A115B /* UIRefreshControl+AFNetworking.m */; };
		0812C9621A646434004A115B /* UIWebView+AFNetworking.m in Sources */ = {isa = PBXBuildFile; fileRef = 0812C95A1A646434004A115B /* UIWebView+AFNetworking.m */; };
		0812C9661A64651F004A115B /* Model.xcdatamodeld in Sources */ = {isa = PBXBuildFile; fileRef = 0812C9641A64651F004A115B /* Model.xcdatamodeld */; };
		0812C9D81A647956004A115B /* Alamofire.framework in Copy Frameworks */ = {isa = PBXBuildFile; fileRef = 0812C9D01A647879004A115B /* Alamofire.framework */; settings = {ATTRIBUTES = (CodeSignOnCopy, RemoveHeadersOnCopy, ); }; };
		081420751AAB895B003BEA9E /* AddressBook.framework in Frameworks */ = {isa = PBXBuildFile; fileRef = 081420741AAB895B003BEA9E /* AddressBook.framework */; };
		08255F131A75626B00ABA356 /* Bolts.framework in Frameworks */ = {isa = PBXBuildFile; fileRef = 08255F101A75626B00ABA356 /* Bolts.framework */; };
		08255F141A75626B00ABA356 /* Parse.framework in Frameworks */ = {isa = PBXBuildFile; fileRef = 08255F111A75626B00ABA356 /* Parse.framework */; };
		08255F151A75626B00ABA356 /* ParseFacebookUtils.framework in Frameworks */ = {isa = PBXBuildFile; fileRef = 08255F121A75626B00ABA356 /* ParseFacebookUtils.framework */; };
		08363F741A5778E4007A6827 /* AppDelegate.swift in Sources */ = {isa = PBXBuildFile; fileRef = 08363F731A5778E4007A6827 /* AppDelegate.swift */; };
		08363F761A5778E4007A6827 /* ViewController.swift in Sources */ = {isa = PBXBuildFile; fileRef = 08363F751A5778E4007A6827 /* ViewController.swift */; };
		08363F791A5778E4007A6827 /* Main.storyboard in Resources */ = {isa = PBXBuildFile; fileRef = 08363F771A5778E4007A6827 /* Main.storyboard */; };
		08363F7B1A5778E4007A6827 /* Images.xcassets in Resources */ = {isa = PBXBuildFile; fileRef = 08363F7A1A5778E4007A6827 /* Images.xcassets */; };
		08363F7E1A5778E4007A6827 /* LaunchScreen.xib in Resources */ = {isa = PBXBuildFile; fileRef = 08363F7C1A5778E4007A6827 /* LaunchScreen.xib */; };
		08363F8A1A5778E4007A6827 /* toast_projectTests.swift in Sources */ = {isa = PBXBuildFile; fileRef = 08363F891A5778E4007A6827 /* toast_projectTests.swift */; };
		08363F981A577938007A6827 /* AudioToolbox.framework in Frameworks */ = {isa = PBXBuildFile; fileRef = 08363F971A577938007A6827 /* AudioToolbox.framework */; };
		08363F9A1A57793F007A6827 /* CFNetwork.framework in Frameworks */ = {isa = PBXBuildFile; fileRef = 08363F991A57793F007A6827 /* CFNetwork.framework */; };
		08363F9C1A577949007A6827 /* CoreGraphics.framework in Frameworks */ = {isa = PBXBuildFile; fileRef = 08363F9B1A577949007A6827 /* CoreGraphics.framework */; };
		08363F9E1A577952007A6827 /* CoreLocation.framework in Frameworks */ = {isa = PBXBuildFile; fileRef = 08363F9D1A577952007A6827 /* CoreLocation.framework */; };
		08363FA01A57795A007A6827 /* MobileCoreServices.framework in Frameworks */ = {isa = PBXBuildFile; fileRef = 08363F9F1A57795A007A6827 /* MobileCoreServices.framework */; };
		08363FA21A577962007A6827 /* QuartzCore.framework in Frameworks */ = {isa = PBXBuildFile; fileRef = 08363FA11A577962007A6827 /* QuartzCore.framework */; };
		08363FA41A57796C007A6827 /* Security.framework in Frameworks */ = {isa = PBXBuildFile; fileRef = 08363FA31A57796C007A6827 /* Security.framework */; };
		08363FA61A577975007A6827 /* StoreKit.framework in Frameworks */ = {isa = PBXBuildFile; fileRef = 08363FA51A577974007A6827 /* StoreKit.framework */; };
		08363FA81A57797E007A6827 /* SystemConfiguration.framework in Frameworks */ = {isa = PBXBuildFile; fileRef = 08363FA71A57797E007A6827 /* SystemConfiguration.framework */; };
		08363FAA1A57798A007A6827 /* libz.dylib in Frameworks */ = {isa = PBXBuildFile; fileRef = 08363FA91A57798A007A6827 /* libz.dylib */; };
		08363FAC1A57799C007A6827 /* libsqlite3.dylib in Frameworks */ = {isa = PBXBuildFile; fileRef = 08363FAB1A57799C007A6827 /* libsqlite3.dylib */; };
		08363FB11A577C63007A6827 /* LoginViewController.swift in Sources */ = {isa = PBXBuildFile; fileRef = 08363FB01A577C63007A6827 /* LoginViewController.swift */; };
		084C145F1AA100B3005FB0E9 /* SearchPlaceViewController.swift in Sources */ = {isa = PBXBuildFile; fileRef = 084C145E1AA100B3005FB0E9 /* SearchPlaceViewController.swift */; };
		0858BF121AB9B18100DCEBA6 /* ReviewCell.swift in Sources */ = {isa = PBXBuildFile; fileRef = 0858BF111AB9B18100DCEBA6 /* ReviewCell.swift */; };
		0858BF141AB9B19F00DCEBA6 /* ReviewsTableViewDataSource.swift in Sources */ = {isa = PBXBuildFile; fileRef = 0858BF131AB9B19F00DCEBA6 /* ReviewsTableViewDataSource.swift */; };
		086CFB321A734CD500E321F7 /* InstagramEngine.m in Sources */ = {isa = PBXBuildFile; fileRef = 086CFB201A734CD500E321F7 /* InstagramEngine.m */; };
		086CFB331A734CD500E321F7 /* InstagramKit.plist in Resources */ = {isa = PBXBuildFile; fileRef = 086CFB221A734CD500E321F7 /* InstagramKit.plist */; };
		086CFB341A734CD500E321F7 /* IKUserInPhoto.m in Sources */ = {isa = PBXBuildFile; fileRef = 086CFB251A734CD500E321F7 /* IKUserInPhoto.m */; };
		086CFB351A734CD500E321F7 /* InstagramComment.m in Sources */ = {isa = PBXBuildFile; fileRef = 086CFB271A734CD500E321F7 /* InstagramComment.m */; };
		086CFB361A734CD500E321F7 /* InstagramMedia.m in Sources */ = {isa = PBXBuildFile; fileRef = 086CFB291A734CD500E321F7 /* InstagramMedia.m */; };
		086CFB371A734CD500E321F7 /* InstagramModel.m in Sources */ = {isa = PBXBuildFile; fileRef = 086CFB2B1A734CD500E321F7 /* InstagramModel.m */; };
		086CFB381A734CD500E321F7 /* InstagramPaginationInfo.m in Sources */ = {isa = PBXBuildFile; fileRef = 086CFB2D1A734CD500E321F7 /* InstagramPaginationInfo.m */; };
		086CFB391A734CD500E321F7 /* InstagramTag.m in Sources */ = {isa = PBXBuildFile; fileRef = 086CFB2F1A734CD500E321F7 /* InstagramTag.m */; };
		086CFB3A1A734CD500E321F7 /* InstagramUser.m in Sources */ = {isa = PBXBuildFile; fileRef = 086CFB311A734CD500E321F7 /* InstagramUser.m */; };
		086CFB3E1A73CD4600E321F7 /* LoginInstagramViewController.swift in Sources */ = {isa = PBXBuildFile; fileRef = 086CFB3D1A73CD4600E321F7 /* LoginInstagramViewController.swift */; };
		08B905E71AA14A29009F3B21 /* ToastMoodCell.xib in Resources */ = {isa = PBXBuildFile; fileRef = 08B905E61AA14A29009F3B21 /* ToastMoodCell.xib */; };
		08B905EB1AA14AB1009F3B21 /* ToastHashtagCell.xib in Resources */ = {isa = PBXBuildFile; fileRef = 08B905EA1AA14AB1009F3B21 /* ToastHashtagCell.xib */; };
		08B905ED1AA1E8D6009F3B21 /* ReviewPlaceViewController.swift in Sources */ = {isa = PBXBuildFile; fileRef = 08B905EC1AA1E8D6009F3B21 /* ReviewPlaceViewController.swift */; };
		08C2E8D41A88F7FB009A44F6 /* HashtagCollectionViewDataSource.swift in Sources */ = {isa = PBXBuildFile; fileRef = 08C2E8D31A88F7FB009A44F6 /* HashtagCollectionViewDataSource.swift */; };
		08C993831ABC4AC900692721 /* ReviewDetailViewController.swift in Sources */ = {isa = PBXBuildFile; fileRef = 08C993821ABC4AC900692721 /* ReviewDetailViewController.swift */; };
		08C993851ABC4ADA00692721 /* ReviewDetailTableViewController.swift in Sources */ = {isa = PBXBuildFile; fileRef = 08C993841ABC4ADA00692721 /* ReviewDetailTableViewController.swift */; };
		08C993871ABCAAC700692721 /* ReviewerButton.swift in Sources */ = {isa = PBXBuildFile; fileRef = 08C993861ABCAAC700692721 /* ReviewerButton.swift */; };
		08D6D1031ABE565B0013C045 /* MyLocationManager.swift in Sources */ = {isa = PBXBuildFile; fileRef = 08D6D1021ABE565B0013C045 /* MyLocationManager.swift */; };
		08DB82461A87B6AA00AEE163 /* Discover1ViewController.swift in Sources */ = {isa = PBXBuildFile; fileRef = 08DB82451A87B6AA00AEE163 /* Discover1ViewController.swift */; };
		08DB82481A87BA6800AEE163 /* MoodsHeaderTableViewCell.swift in Sources */ = {isa = PBXBuildFile; fileRef = 08DB82471A87BA6800AEE163 /* MoodsHeaderTableViewCell.swift */; };
		08DB824A1A87BA9700AEE163 /* FriendsLikeCollectionViewCell.swift in Sources */ = {isa = PBXBuildFile; fileRef = 08DB82491A87BA9700AEE163 /* FriendsLikeCollectionViewCell.swift */; };
		08E184B81A90BFFC00C9A956 /* MainViewController.swift in Sources */ = {isa = PBXBuildFile; fileRef = 08E184B71A90BFFC00C9A956 /* MainViewController.swift */; };
		08E184BC1A90D63B00C9A956 /* MainMenuTableViewController.swift in Sources */ = {isa = PBXBuildFile; fileRef = 08E184BB1A90D63B00C9A956 /* MainMenuTableViewController.swift */; };
		08EDB0FE1A9D072300D94CF7 /* MyLoginButtonView.swift in Sources */ = {isa = PBXBuildFile; fileRef = 08EDB0FD1A9D072300D94CF7 /* MyLoginButtonView.swift */; };
		08EDB1001A9DFDBC00D94CF7 /* SelectMoodViewController.swift in Sources */ = {isa = PBXBuildFile; fileRef = 08EDB0FF1A9DFDBC00D94CF7 /* SelectMoodViewController.swift */; };
		08EDB1051A9E538B00D94CF7 /* DiscoverTransitioning.swift in Sources */ = {isa = PBXBuildFile; fileRef = 08EDB1041A9E538B00D94CF7 /* DiscoverTransitioning.swift */; };
		08EDB10E1AA0010200D94CF7 /* iCarousel.m in Sources */ = {isa = PBXBuildFile; fileRef = 08EDB10D1AA0010200D94CF7 /* iCarousel.m */; };
		08EDB1131AA00A7400D94CF7 /* ToastNameView.swift in Sources */ = {isa = PBXBuildFile; fileRef = 08EDB1121AA00A7400D94CF7 /* ToastNameView.swift */; };
		08EDB1151AA00AA100D94CF7 /* ToastMoodsView.swift in Sources */ = {isa = PBXBuildFile; fileRef = 08EDB1141AA00AA100D94CF7 /* ToastMoodsView.swift */; };
		08EDB1171AA00AB700D94CF7 /* ToastRushView.swift in Sources */ = {isa = PBXBuildFile; fileRef = 08EDB1161AA00AB700D94CF7 /* ToastRushView.swift */; };
		08EDB1191AA00ACC00D94CF7 /* ToastVegetarianView.swift in Sources */ = {isa = PBXBuildFile; fileRef = 08EDB1181AA00ACC00D94CF7 /* ToastVegetarianView.swift */; };
		08EDB11B1AA00AED00D94CF7 /* ToastReviewView.swift in Sources */ = {isa = PBXBuildFile; fileRef = 08EDB11A1AA00AED00D94CF7 /* ToastReviewView.swift */; };
		08EDB11D1AA00AFA00D94CF7 /* ToastHashtagsView.swift in Sources */ = {isa = PBXBuildFile; fileRef = 08EDB11C1AA00AFA00D94CF7 /* ToastHashtagsView.swift */; };
		08EDB11F1AA00B3000D94CF7 /* CarouselViews.xib in Resources */ = {isa = PBXBuildFile; fileRef = 08EDB11E1AA00B3000D94CF7 /* CarouselViews.xib */; };
		08EDB1211AA00E4E00D94CF7 /* ToastCarouselView.swift in Sources */ = {isa = PBXBuildFile; fileRef = 08EDB1201AA00E4E00D94CF7 /* ToastCarouselView.swift */; };
		08EDB1231AA017EB00D94CF7 /* ContributeViewController.swift in Sources */ = {isa = PBXBuildFile; fileRef = 08EDB1221AA017EB00D94CF7 /* ContributeViewController.swift */; };
		08F019DE1AA0A4A0001FA0B5 /* ToastSubmitView.swift in Sources */ = {isa = PBXBuildFile; fileRef = 08F019DD1AA0A4A0001FA0B5 /* ToastSubmitView.swift */; };
		08F838941A87C83900CFCAEF /* ToastsViewController.swift in Sources */ = {isa = PBXBuildFile; fileRef = 08F838931A87C83900CFCAEF /* ToastsViewController.swift */; };
		08F838961A87C87500CFCAEF /* ToastsCollectionViewLayout.swift in Sources */ = {isa = PBXBuildFile; fileRef = 08F838951A87C87500CFCAEF /* ToastsCollectionViewLayout.swift */; };
		08F838991A88136100CFCAEF /* PlaceCell.swift in Sources */ = {isa = PBXBuildFile; fileRef = 08F838981A88136100CFCAEF /* PlaceCell.swift */; };
		08F8389B1A88137400CFCAEF /* HashtagCell.swift in Sources */ = {isa = PBXBuildFile; fileRef = 08F8389A1A88137400CFCAEF /* HashtagCell.swift */; };
		08F85ADE1A8CFEF600C01CC9 /* InstagramLocation.m in Sources */ = {isa = PBXBuildFile; fileRef = 08F85ADD1A8CFEF600C01CC9 /* InstagramLocation.m */; };
		08F85AE31A8D5DD500C01CC9 /* BackgroundImageView.swift in Sources */ = {isa = PBXBuildFile; fileRef = 08F85AE21A8D5DD500C01CC9 /* BackgroundImageView.swift */; };
		08F85AE71A8D5F0300C01CC9 /* AVFoundation.framework in Frameworks */ = {isa = PBXBuildFile; fileRef = 08F85AE61A8D5F0300C01CC9 /* AVFoundation.framework */; };
		08F85AEA1A8E395900C01CC9 /* PlaceDetailViewController.swift in Sources */ = {isa = PBXBuildFile; fileRef = 08F85AE91A8E395900C01CC9 /* PlaceDetailViewController.swift */; };
		08F85AEC1A8E397000C01CC9 /* PlaceDetailTableViewController.swift in Sources */ = {isa = PBXBuildFile; fileRef = 08F85AEB1A8E397000C01CC9 /* PlaceDetailTableViewController.swift */; };
/* End PBXBuildFile section */

/* Begin PBXContainerItemProxy section */
		0812C9CF1A647879004A115B /* PBXContainerItemProxy */ = {
			isa = PBXContainerItemProxy;
			containerPortal = 0812C9C91A647879004A115B /* Alamofire.xcodeproj */;
			proxyType = 2;
			remoteGlobalIDString = F8111E3319A95C8B0040E7D1;
			remoteInfo = "Alamofire iOS";
		};
		0812C9D11A647879004A115B /* PBXContainerItemProxy */ = {
			isa = PBXContainerItemProxy;
			containerPortal = 0812C9C91A647879004A115B /* Alamofire.xcodeproj */;
			proxyType = 2;
			remoteGlobalIDString = 4DD67C0B1A5C55C900ED2280;
			remoteInfo = "Alamofire OSX";
		};
		0812C9D31A647879004A115B /* PBXContainerItemProxy */ = {
			isa = PBXContainerItemProxy;
			containerPortal = 0812C9C91A647879004A115B /* Alamofire.xcodeproj */;
			proxyType = 2;
			remoteGlobalIDString = F8111E3E19A95C8B0040E7D1;
			remoteInfo = AlamofireTests;
		};
		0812C9D51A6478DF004A115B /* PBXContainerItemProxy */ = {
			isa = PBXContainerItemProxy;
			containerPortal = 0812C9C91A647879004A115B /* Alamofire.xcodeproj */;
			proxyType = 1;
			remoteGlobalIDString = F8111E3219A95C8B0040E7D1;
			remoteInfo = "Alamofire iOS";
		};
		08363F841A5778E4007A6827 /* PBXContainerItemProxy */ = {
			isa = PBXContainerItemProxy;
			containerPortal = 08363F661A5778E4007A6827 /* Project object */;
			proxyType = 1;
			remoteGlobalIDString = 08363F6D1A5778E4007A6827;
			remoteInfo = "toast-project";
		};
/* End PBXContainerItemProxy section */

/* Begin PBXCopyFilesBuildPhase section */
		0812C9D71A6478EB004A115B /* Copy Frameworks */ = {
			isa = PBXCopyFilesBuildPhase;
			buildActionMask = 2147483647;
			dstPath = "";
			dstSubfolderSpec = 10;
			files = (
				0812C9D81A647956004A115B /* Alamofire.framework in Copy Frameworks */,
			);
			name = "Copy Frameworks";
			runOnlyForDeploymentPostprocessing = 0;
		};
/* End PBXCopyFilesBuildPhase section */

/* Begin PBXFileReference section */
		08017E7F1A6DD78600571FB4 /* FacebookSDK.framework */ = {isa = PBXFileReference; lastKnownFileType = wrapper.framework; name = FacebookSDK.framework; path = ../../../../FacebookSDK/FacebookSDK.framework; sourceTree = "<group>"; };
		0801937D1A8E3EBC00CAA770 /* MapKit.framework */ = {isa = PBXFileReference; lastKnownFileType = wrapper.framework; name = MapKit.framework; path = System/Library/Frameworks/MapKit.framework; sourceTree = SDKROOT; };
		080193851A8FE45F00CAA770 /* BookingService.swift */ = {isa = PBXFileReference; fileEncoding = 4; lastKnownFileType = sourcecode.swift; path = BookingService.swift; sourceTree = "<group>"; };
		080193871A8FFF9300CAA770 /* GenericWebViewController.swift */ = {isa = PBXFileReference; fileEncoding = 4; lastKnownFileType = sourcecode.swift; path = GenericWebViewController.swift; sourceTree = "<group>"; };
		080377501A7341ED00E75297 /* LoginSuccesViewController.swift */ = {isa = PBXFileReference; fileEncoding = 4; lastKnownFileType = sourcecode.swift; path = LoginSuccesViewController.swift; sourceTree = "<group>"; };
		08059CEA1ABE407D004A5A78 /* DiscoverViewController.swift */ = {isa = PBXFileReference; fileEncoding = 4; lastKnownFileType = sourcecode.swift; path = DiscoverViewController.swift; sourceTree = "<group>"; };
		08059CEF1ABE40B0004A5A78 /* DiscoverDataSource.swift */ = {isa = PBXFileReference; fileEncoding = 4; lastKnownFileType = sourcecode.swift; path = DiscoverDataSource.swift; sourceTree = "<group>"; };
		08059CF51ABE4112004A5A78 /* DiscoverCell.swift */ = {isa = PBXFileReference; fileEncoding = 4; lastKnownFileType = sourcecode.swift; path = DiscoverCell.swift; sourceTree = "<group>"; };
		08059CF71ABE41FE004A5A78 /* DiscoverCell.xib */ = {isa = PBXFileReference; fileEncoding = 4; lastKnownFileType = file.xib; path = DiscoverCell.xib; sourceTree = "<group>"; };
		0812C9231A6432BA004A115B /* test-bg.jpg */ = {isa = PBXFileReference; lastKnownFileType = image.jpeg; path = "test-bg.jpg"; sourceTree = "<group>"; };
		0812C9261A645C03004A115B /* toast-project-Bridging-Header.h */ = {isa = PBXFileReference; lastKnownFileType = sourcecode.c.h; path = "toast-project-Bridging-Header.h"; sourceTree = "<group>"; };
		0812C92D1A646424004A115B /* AFHTTPRequestOperation.h */ = {isa = PBXFileReference; fileEncoding = 4; lastKnownFileType = sourcecode.c.h; path = AFHTTPRequestOperation.h; sourceTree = "<group>"; };
		0812C92E1A646424004A115B /* AFHTTPRequestOperation.m */ = {isa = PBXFileReference; fileEncoding = 4; lastKnownFileType = sourcecode.c.objc; path = AFHTTPRequestOperation.m; sourceTree = "<group>"; };
		0812C92F1A646424004A115B /* AFHTTPRequestOperationManager.h */ = {isa = PBXFileReference; fileEncoding = 4; lastKnownFileType = sourcecode.c.h; path = AFHTTPRequestOperationManager.h; sourceTree = "<group>"; };
		0812C9301A646424004A115B /* AFHTTPRequestOperationManager.m */ = {isa = PBXFileReference; fileEncoding = 4; lastKnownFileType = sourcecode.c.objc; path = AFHTTPRequestOperationManager.m; sourceTree = "<group>"; };
		0812C9311A646424004A115B /* AFHTTPSessionManager.h */ = {isa = PBXFileReference; fileEncoding = 4; lastKnownFileType = sourcecode.c.h; path = AFHTTPSessionManager.h; sourceTree = "<group>"; };
		0812C9321A646424004A115B /* AFHTTPSessionManager.m */ = {isa = PBXFileReference; fileEncoding = 4; lastKnownFileType = sourcecode.c.objc; path = AFHTTPSessionManager.m; sourceTree = "<group>"; };
		0812C9331A646424004A115B /* AFNetworking.h */ = {isa = PBXFileReference; fileEncoding = 4; lastKnownFileType = sourcecode.c.h; path = AFNetworking.h; sourceTree = "<group>"; };
		0812C9341A646424004A115B /* AFNetworkReachabilityManager.h */ = {isa = PBXFileReference; fileEncoding = 4; lastKnownFileType = sourcecode.c.h; path = AFNetworkReachabilityManager.h; sourceTree = "<group>"; };
		0812C9351A646424004A115B /* AFNetworkReachabilityManager.m */ = {isa = PBXFileReference; fileEncoding = 4; lastKnownFileType = sourcecode.c.objc; path = AFNetworkReachabilityManager.m; sourceTree = "<group>"; };
		0812C9361A646424004A115B /* AFSecurityPolicy.h */ = {isa = PBXFileReference; fileEncoding = 4; lastKnownFileType = sourcecode.c.h; path = AFSecurityPolicy.h; sourceTree = "<group>"; };
		0812C9371A646424004A115B /* AFSecurityPolicy.m */ = {isa = PBXFileReference; fileEncoding = 4; lastKnownFileType = sourcecode.c.objc; path = AFSecurityPolicy.m; sourceTree = "<group>"; };
		0812C9381A646424004A115B /* AFURLConnectionOperation.h */ = {isa = PBXFileReference; fileEncoding = 4; lastKnownFileType = sourcecode.c.h; path = AFURLConnectionOperation.h; sourceTree = "<group>"; };
		0812C9391A646424004A115B /* AFURLConnectionOperation.m */ = {isa = PBXFileReference; fileEncoding = 4; lastKnownFileType = sourcecode.c.objc; path = AFURLConnectionOperation.m; sourceTree = "<group>"; };
		0812C93A1A646424004A115B /* AFURLRequestSerialization.h */ = {isa = PBXFileReference; fileEncoding = 4; lastKnownFileType = sourcecode.c.h; path = AFURLRequestSerialization.h; sourceTree = "<group>"; };
		0812C93B1A646424004A115B /* AFURLRequestSerialization.m */ = {isa = PBXFileReference; fileEncoding = 4; lastKnownFileType = sourcecode.c.objc; path = AFURLRequestSerialization.m; sourceTree = "<group>"; };
		0812C93C1A646424004A115B /* AFURLResponseSerialization.h */ = {isa = PBXFileReference; fileEncoding = 4; lastKnownFileType = sourcecode.c.h; path = AFURLResponseSerialization.h; sourceTree = "<group>"; };
		0812C93D1A646424004A115B /* AFURLResponseSerialization.m */ = {isa = PBXFileReference; fileEncoding = 4; lastKnownFileType = sourcecode.c.objc; path = AFURLResponseSerialization.m; sourceTree = "<group>"; };
		0812C93E1A646424004A115B /* AFURLSessionManager.h */ = {isa = PBXFileReference; fileEncoding = 4; lastKnownFileType = sourcecode.c.h; path = AFURLSessionManager.h; sourceTree = "<group>"; };
		0812C93F1A646424004A115B /* AFURLSessionManager.m */ = {isa = PBXFileReference; fileEncoding = 4; lastKnownFileType = sourcecode.c.objc; path = AFURLSessionManager.m; sourceTree = "<group>"; };
		0812C94A1A646434004A115B /* AFNetworkActivityIndicatorManager.h */ = {isa = PBXFileReference; fileEncoding = 4; lastKnownFileType = sourcecode.c.h; path = AFNetworkActivityIndicatorManager.h; sourceTree = "<group>"; };
		0812C94B1A646434004A115B /* AFNetworkActivityIndicatorManager.m */ = {isa = PBXFileReference; fileEncoding = 4; lastKnownFileType = sourcecode.c.objc; path = AFNetworkActivityIndicatorManager.m; sourceTree = "<group>"; };
		0812C94C1A646434004A115B /* UIActivityIndicatorView+AFNetworking.h */ = {isa = PBXFileReference; fileEncoding = 4; lastKnownFileType = sourcecode.c.h; path = "UIActivityIndicatorView+AFNetworking.h"; sourceTree = "<group>"; };
		0812C94D1A646434004A115B /* UIActivityIndicatorView+AFNetworking.m */ = {isa = PBXFileReference; fileEncoding = 4; lastKnownFileType = sourcecode.c.objc; path = "UIActivityIndicatorView+AFNetworking.m"; sourceTree = "<group>"; };
		0812C94E1A646434004A115B /* UIAlertView+AFNetworking.h */ = {isa = PBXFileReference; fileEncoding = 4; lastKnownFileType = sourcecode.c.h; path = "UIAlertView+AFNetworking.h"; sourceTree = "<group>"; };
		0812C94F1A646434004A115B /* UIAlertView+AFNetworking.m */ = {isa = PBXFileReference; fileEncoding = 4; lastKnownFileType = sourcecode.c.objc; path = "UIAlertView+AFNetworking.m"; sourceTree = "<group>"; };
		0812C9501A646434004A115B /* UIButton+AFNetworking.h */ = {isa = PBXFileReference; fileEncoding = 4; lastKnownFileType = sourcecode.c.h; path = "UIButton+AFNetworking.h"; sourceTree = "<group>"; };
		0812C9511A646434004A115B /* UIButton+AFNetworking.m */ = {isa = PBXFileReference; fileEncoding = 4; lastKnownFileType = sourcecode.c.objc; path = "UIButton+AFNetworking.m"; sourceTree = "<group>"; };
		0812C9521A646434004A115B /* UIImageView+AFNetworking.h */ = {isa = PBXFileReference; fileEncoding = 4; lastKnownFileType = sourcecode.c.h; path = "UIImageView+AFNetworking.h"; sourceTree = "<group>"; };
		0812C9531A646434004A115B /* UIImageView+AFNetworking.m */ = {isa = PBXFileReference; fileEncoding = 4; lastKnownFileType = sourcecode.c.objc; path = "UIImageView+AFNetworking.m"; sourceTree = "<group>"; };
		0812C9541A646434004A115B /* UIKit+AFNetworking.h */ = {isa = PBXFileReference; fileEncoding = 4; lastKnownFileType = sourcecode.c.h; path = "UIKit+AFNetworking.h"; sourceTree = "<group>"; };
		0812C9551A646434004A115B /* UIProgressView+AFNetworking.h */ = {isa = PBXFileReference; fileEncoding = 4; lastKnownFileType = sourcecode.c.h; path = "UIProgressView+AFNetworking.h"; sourceTree = "<group>"; };
		0812C9561A646434004A115B /* UIProgressView+AFNetworking.m */ = {isa = PBXFileReference; fileEncoding = 4; lastKnownFileType = sourcecode.c.objc; path = "UIProgressView+AFNetworking.m"; sourceTree = "<group>"; };
		0812C9571A646434004A115B /* UIRefreshControl+AFNetworking.h */ = {isa = PBXFileReference; fileEncoding = 4; lastKnownFileType = sourcecode.c.h; path = "UIRefreshControl+AFNetworking.h"; sourceTree = "<group>"; };
		0812C9581A646434004A115B /* UIRefreshControl+AFNetworking.m */ = {isa = PBXFileReference; fileEncoding = 4; lastKnownFileType = sourcecode.c.objc; path = "UIRefreshControl+AFNetworking.m"; sourceTree = "<group>"; };
		0812C9591A646434004A115B /* UIWebView+AFNetworking.h */ = {isa = PBXFileReference; fileEncoding = 4; lastKnownFileType = sourcecode.c.h; path = "UIWebView+AFNetworking.h"; sourceTree = "<group>"; };
		0812C95A1A646434004A115B /* UIWebView+AFNetworking.m */ = {isa = PBXFileReference; fileEncoding = 4; lastKnownFileType = sourcecode.c.objc; path = "UIWebView+AFNetworking.m"; sourceTree = "<group>"; };
		0812C9651A64651F004A115B /* Model.xcdatamodel */ = {isa = PBXFileReference; lastKnownFileType = wrapper.xcdatamodel; path = Model.xcdatamodel; sourceTree = "<group>"; };
		0812C9C91A647879004A115B /* Alamofire.xcodeproj */ = {isa = PBXFileReference; lastKnownFileType = "wrapper.pb-project"; name = Alamofire.xcodeproj; path = ../../../../Alamofire/Alamofire.xcodeproj; sourceTree = "<group>"; };
		081420741AAB895B003BEA9E /* AddressBook.framework */ = {isa = PBXFileReference; lastKnownFileType = wrapper.framework; name = AddressBook.framework; path = System/Library/Frameworks/AddressBook.framework; sourceTree = SDKROOT; };
		08255F101A75626B00ABA356 /* Bolts.framework */ = {isa = PBXFileReference; lastKnownFileType = wrapper.framework; path = Bolts.framework; sourceTree = "<group>"; };
		08255F111A75626B00ABA356 /* Parse.framework */ = {isa = PBXFileReference; lastKnownFileType = wrapper.framework; path = Parse.framework; sourceTree = "<group>"; };
		08255F121A75626B00ABA356 /* ParseFacebookUtils.framework */ = {isa = PBXFileReference; lastKnownFileType = wrapper.framework; path = ParseFacebookUtils.framework; sourceTree = "<group>"; };
		08363F6E1A5778E4007A6827 /* toast-project.app */ = {isa = PBXFileReference; explicitFileType = wrapper.application; includeInIndex = 0; path = "toast-project.app"; sourceTree = BUILT_PRODUCTS_DIR; };
		08363F721A5778E4007A6827 /* Info.plist */ = {isa = PBXFileReference; lastKnownFileType = text.plist.xml; path = Info.plist; sourceTree = "<group>"; };
		08363F731A5778E4007A6827 /* AppDelegate.swift */ = {isa = PBXFileReference; lastKnownFileType = sourcecode.swift; path = AppDelegate.swift; sourceTree = "<group>"; };
		08363F751A5778E4007A6827 /* ViewController.swift */ = {isa = PBXFileReference; lastKnownFileType = sourcecode.swift; path = ViewController.swift; sourceTree = "<group>"; };
		08363F781A5778E4007A6827 /* Base */ = {isa = PBXFileReference; lastKnownFileType = file.storyboard; name = Base; path = Base.lproj/Main.storyboard; sourceTree = "<group>"; };
		08363F7A1A5778E4007A6827 /* Images.xcassets */ = {isa = PBXFileReference; lastKnownFileType = folder.assetcatalog; path = Images.xcassets; sourceTree = "<group>"; };
		08363F7D1A5778E4007A6827 /* Base */ = {isa = PBXFileReference; lastKnownFileType = file.xib; name = Base; path = Base.lproj/LaunchScreen.xib; sourceTree = "<group>"; };
		08363F831A5778E4007A6827 /* toast-projectTests.xctest */ = {isa = PBXFileReference; explicitFileType = wrapper.cfbundle; includeInIndex = 0; path = "toast-projectTests.xctest"; sourceTree = BUILT_PRODUCTS_DIR; };
		08363F881A5778E4007A6827 /* Info.plist */ = {isa = PBXFileReference; lastKnownFileType = text.plist.xml; path = Info.plist; sourceTree = "<group>"; };
		08363F891A5778E4007A6827 /* toast_projectTests.swift */ = {isa = PBXFileReference; lastKnownFileType = sourcecode.swift; path = toast_projectTests.swift; sourceTree = "<group>"; };
		08363F971A577938007A6827 /* AudioToolbox.framework */ = {isa = PBXFileReference; lastKnownFileType = wrapper.framework; name = AudioToolbox.framework; path = System/Library/Frameworks/AudioToolbox.framework; sourceTree = SDKROOT; };
		08363F991A57793F007A6827 /* CFNetwork.framework */ = {isa = PBXFileReference; lastKnownFileType = wrapper.framework; name = CFNetwork.framework; path = System/Library/Frameworks/CFNetwork.framework; sourceTree = SDKROOT; };
		08363F9B1A577949007A6827 /* CoreGraphics.framework */ = {isa = PBXFileReference; lastKnownFileType = wrapper.framework; name = CoreGraphics.framework; path = System/Library/Frameworks/CoreGraphics.framework; sourceTree = SDKROOT; };
		08363F9D1A577952007A6827 /* CoreLocation.framework */ = {isa = PBXFileReference; lastKnownFileType = wrapper.framework; name = CoreLocation.framework; path = System/Library/Frameworks/CoreLocation.framework; sourceTree = SDKROOT; };
		08363F9F1A57795A007A6827 /* MobileCoreServices.framework */ = {isa = PBXFileReference; lastKnownFileType = wrapper.framework; name = MobileCoreServices.framework; path = System/Library/Frameworks/MobileCoreServices.framework; sourceTree = SDKROOT; };
		08363FA11A577962007A6827 /* QuartzCore.framework */ = {isa = PBXFileReference; lastKnownFileType = wrapper.framework; name = QuartzCore.framework; path = System/Library/Frameworks/QuartzCore.framework; sourceTree = SDKROOT; };
		08363FA31A57796C007A6827 /* Security.framework */ = {isa = PBXFileReference; lastKnownFileType = wrapper.framework; name = Security.framework; path = System/Library/Frameworks/Security.framework; sourceTree = SDKROOT; };
		08363FA51A577974007A6827 /* StoreKit.framework */ = {isa = PBXFileReference; lastKnownFileType = wrapper.framework; name = StoreKit.framework; path = System/Library/Frameworks/StoreKit.framework; sourceTree = SDKROOT; };
		08363FA71A57797E007A6827 /* SystemConfiguration.framework */ = {isa = PBXFileReference; lastKnownFileType = wrapper.framework; name = SystemConfiguration.framework; path = System/Library/Frameworks/SystemConfiguration.framework; sourceTree = SDKROOT; };
		08363FA91A57798A007A6827 /* libz.dylib */ = {isa = PBXFileReference; lastKnownFileType = "compiled.mach-o.dylib"; name = libz.dylib; path = usr/lib/libz.dylib; sourceTree = SDKROOT; };
		08363FAB1A57799C007A6827 /* libsqlite3.dylib */ = {isa = PBXFileReference; lastKnownFileType = "compiled.mach-o.dylib"; name = libsqlite3.dylib; path = usr/lib/libsqlite3.dylib; sourceTree = SDKROOT; };
		08363FB01A577C63007A6827 /* LoginViewController.swift */ = {isa = PBXFileReference; fileEncoding = 4; lastKnownFileType = sourcecode.swift; path = LoginViewController.swift; sourceTree = "<group>"; };
		084C145E1AA100B3005FB0E9 /* SearchPlaceViewController.swift */ = {isa = PBXFileReference; fileEncoding = 4; lastKnownFileType = sourcecode.swift; path = SearchPlaceViewController.swift; sourceTree = "<group>"; };
		0858BF111AB9B18100DCEBA6 /* ReviewCell.swift */ = {isa = PBXFileReference; fileEncoding = 4; lastKnownFileType = sourcecode.swift; path = ReviewCell.swift; sourceTree = "<group>"; };
		0858BF131AB9B19F00DCEBA6 /* ReviewsTableViewDataSource.swift */ = {isa = PBXFileReference; fileEncoding = 4; lastKnownFileType = sourcecode.swift; path = ReviewsTableViewDataSource.swift; sourceTree = "<group>"; };
		086CFB1F1A734CD500E321F7 /* InstagramEngine.h */ = {isa = PBXFileReference; fileEncoding = 4; lastKnownFileType = sourcecode.c.h; path = InstagramEngine.h; sourceTree = "<group>"; };
		086CFB201A734CD500E321F7 /* InstagramEngine.m */ = {isa = PBXFileReference; fileEncoding = 4; lastKnownFileType = sourcecode.c.objc; path = InstagramEngine.m; sourceTree = "<group>"; };
		086CFB211A734CD500E321F7 /* InstagramKit.h */ = {isa = PBXFileReference; fileEncoding = 4; lastKnownFileType = sourcecode.c.h; path = InstagramKit.h; sourceTree = "<group>"; };
		086CFB221A734CD500E321F7 /* InstagramKit.plist */ = {isa = PBXFileReference; fileEncoding = 4; lastKnownFileType = text.plist.xml; path = InstagramKit.plist; sourceTree = "<group>"; };
		086CFB241A734CD500E321F7 /* IKUserInPhoto.h */ = {isa = PBXFileReference; fileEncoding = 4; lastKnownFileType = sourcecode.c.h; path = IKUserInPhoto.h; sourceTree = "<group>"; };
		086CFB251A734CD500E321F7 /* IKUserInPhoto.m */ = {isa = PBXFileReference; fileEncoding = 4; lastKnownFileType = sourcecode.c.objc; path = IKUserInPhoto.m; sourceTree = "<group>"; };
		086CFB261A734CD500E321F7 /* InstagramComment.h */ = {isa = PBXFileReference; fileEncoding = 4; lastKnownFileType = sourcecode.c.h; path = InstagramComment.h; sourceTree = "<group>"; };
		086CFB271A734CD500E321F7 /* InstagramComment.m */ = {isa = PBXFileReference; fileEncoding = 4; lastKnownFileType = sourcecode.c.objc; path = InstagramComment.m; sourceTree = "<group>"; };
		086CFB281A734CD500E321F7 /* InstagramMedia.h */ = {isa = PBXFileReference; fileEncoding = 4; lastKnownFileType = sourcecode.c.h; path = InstagramMedia.h; sourceTree = "<group>"; };
		086CFB291A734CD500E321F7 /* InstagramMedia.m */ = {isa = PBXFileReference; fileEncoding = 4; lastKnownFileType = sourcecode.c.objc; path = InstagramMedia.m; sourceTree = "<group>"; };
		086CFB2A1A734CD500E321F7 /* InstagramModel.h */ = {isa = PBXFileReference; fileEncoding = 4; lastKnownFileType = sourcecode.c.h; path = InstagramModel.h; sourceTree = "<group>"; };
		086CFB2B1A734CD500E321F7 /* InstagramModel.m */ = {isa = PBXFileReference; fileEncoding = 4; lastKnownFileType = sourcecode.c.objc; path = InstagramModel.m; sourceTree = "<group>"; };
		086CFB2C1A734CD500E321F7 /* InstagramPaginationInfo.h */ = {isa = PBXFileReference; fileEncoding = 4; lastKnownFileType = sourcecode.c.h; path = InstagramPaginationInfo.h; sourceTree = "<group>"; };
		086CFB2D1A734CD500E321F7 /* InstagramPaginationInfo.m */ = {isa = PBXFileReference; fileEncoding = 4; lastKnownFileType = sourcecode.c.objc; path = InstagramPaginationInfo.m; sourceTree = "<group>"; };
		086CFB2E1A734CD500E321F7 /* InstagramTag.h */ = {isa = PBXFileReference; fileEncoding = 4; lastKnownFileType = sourcecode.c.h; path = InstagramTag.h; sourceTree = "<group>"; };
		086CFB2F1A734CD500E321F7 /* InstagramTag.m */ = {isa = PBXFileReference; fileEncoding = 4; lastKnownFileType = sourcecode.c.objc; path = InstagramTag.m; sourceTree = "<group>"; };
		086CFB301A734CD500E321F7 /* InstagramUser.h */ = {isa = PBXFileReference; fileEncoding = 4; lastKnownFileType = sourcecode.c.h; path = InstagramUser.h; sourceTree = "<group>"; };
		086CFB311A734CD500E321F7 /* InstagramUser.m */ = {isa = PBXFileReference; fileEncoding = 4; lastKnownFileType = sourcecode.c.objc; path = InstagramUser.m; sourceTree = "<group>"; };
		086CFB3D1A73CD4600E321F7 /* LoginInstagramViewController.swift */ = {isa = PBXFileReference; fileEncoding = 4; lastKnownFileType = sourcecode.swift; path = LoginInstagramViewController.swift; sourceTree = "<group>"; };
		08B905E61AA14A29009F3B21 /* ToastMoodCell.xib */ = {isa = PBXFileReference; fileEncoding = 4; lastKnownFileType = file.xib; path = ToastMoodCell.xib; sourceTree = "<group>"; };
		08B905EA1AA14AB1009F3B21 /* ToastHashtagCell.xib */ = {isa = PBXFileReference; fileEncoding = 4; lastKnownFileType = file.xib; path = ToastHashtagCell.xib; sourceTree = "<group>"; };
		08B905EC1AA1E8D6009F3B21 /* ReviewPlaceViewController.swift */ = {isa = PBXFileReference; fileEncoding = 4; lastKnownFileType = sourcecode.swift; path = ReviewPlaceViewController.swift; sourceTree = "<group>"; };
		08C2E8D31A88F7FB009A44F6 /* HashtagCollectionViewDataSource.swift */ = {isa = PBXFileReference; fileEncoding = 4; lastKnownFileType = sourcecode.swift; path = HashtagCollectionViewDataSource.swift; sourceTree = "<group>"; };
		08C993821ABC4AC900692721 /* ReviewDetailViewController.swift */ = {isa = PBXFileReference; fileEncoding = 4; lastKnownFileType = sourcecode.swift; path = ReviewDetailViewController.swift; sourceTree = "<group>"; };
		08C993841ABC4ADA00692721 /* ReviewDetailTableViewController.swift */ = {isa = PBXFileReference; fileEncoding = 4; lastKnownFileType = sourcecode.swift; path = ReviewDetailTableViewController.swift; sourceTree = "<group>"; };
		08C993861ABCAAC700692721 /* ReviewerButton.swift */ = {isa = PBXFileReference; fileEncoding = 4; lastKnownFileType = sourcecode.swift; path = ReviewerButton.swift; sourceTree = "<group>"; };
		08D6D1021ABE565B0013C045 /* MyLocationManager.swift */ = {isa = PBXFileReference; fileEncoding = 4; lastKnownFileType = sourcecode.swift; path = MyLocationManager.swift; sourceTree = "<group>"; };
		08DB82451A87B6AA00AEE163 /* Discover1ViewController.swift */ = {isa = PBXFileReference; fileEncoding = 4; lastKnownFileType = sourcecode.swift; path = Discover1ViewController.swift; sourceTree = "<group>"; };
		08DB82471A87BA6800AEE163 /* MoodsHeaderTableViewCell.swift */ = {isa = PBXFileReference; fileEncoding = 4; lastKnownFileType = sourcecode.swift; path = MoodsHeaderTableViewCell.swift; sourceTree = "<group>"; };
		08DB82491A87BA9700AEE163 /* FriendsLikeCollectionViewCell.swift */ = {isa = PBXFileReference; fileEncoding = 4; lastKnownFileType = sourcecode.swift; path = FriendsLikeCollectionViewCell.swift; sourceTree = "<group>"; };
		08E184B71A90BFFC00C9A956 /* MainViewController.swift */ = {isa = PBXFileReference; fileEncoding = 4; lastKnownFileType = sourcecode.swift; path = MainViewController.swift; sourceTree = "<group>"; };
		08E184BB1A90D63B00C9A956 /* MainMenuTableViewController.swift */ = {isa = PBXFileReference; fileEncoding = 4; lastKnownFileType = sourcecode.swift; path = MainMenuTableViewController.swift; sourceTree = "<group>"; };
		08EDB0FD1A9D072300D94CF7 /* MyLoginButtonView.swift */ = {isa = PBXFileReference; fileEncoding = 4; lastKnownFileType = sourcecode.swift; path = MyLoginButtonView.swift; sourceTree = "<group>"; };
		08EDB0FF1A9DFDBC00D94CF7 /* SelectMoodViewController.swift */ = {isa = PBXFileReference; fileEncoding = 4; lastKnownFileType = sourcecode.swift; path = SelectMoodViewController.swift; sourceTree = "<group>"; };
		08EDB1041A9E538B00D94CF7 /* DiscoverTransitioning.swift */ = {isa = PBXFileReference; fileEncoding = 4; lastKnownFileType = sourcecode.swift; path = DiscoverTransitioning.swift; sourceTree = "<group>"; };
		08EDB10C1AA0010200D94CF7 /* iCarousel.h */ = {isa = PBXFileReference; fileEncoding = 4; lastKnownFileType = sourcecode.c.h; path = iCarousel.h; sourceTree = "<group>"; };
		08EDB10D1AA0010200D94CF7 /* iCarousel.m */ = {isa = PBXFileReference; fileEncoding = 4; lastKnownFileType = sourcecode.c.objc; path = iCarousel.m; sourceTree = "<group>"; };
		08EDB1121AA00A7400D94CF7 /* ToastNameView.swift */ = {isa = PBXFileReference; fileEncoding = 4; lastKnownFileType = sourcecode.swift; path = ToastNameView.swift; sourceTree = "<group>"; };
		08EDB1141AA00AA100D94CF7 /* ToastMoodsView.swift */ = {isa = PBXFileReference; fileEncoding = 4; lastKnownFileType = sourcecode.swift; path = ToastMoodsView.swift; sourceTree = "<group>"; };
		08EDB1161AA00AB700D94CF7 /* ToastRushView.swift */ = {isa = PBXFileReference; fileEncoding = 4; lastKnownFileType = sourcecode.swift; path = ToastRushView.swift; sourceTree = "<group>"; };
		08EDB1181AA00ACC00D94CF7 /* ToastVegetarianView.swift */ = {isa = PBXFileReference; fileEncoding = 4; lastKnownFileType = sourcecode.swift; path = ToastVegetarianView.swift; sourceTree = "<group>"; };
		08EDB11A1AA00AED00D94CF7 /* ToastReviewView.swift */ = {isa = PBXFileReference; fileEncoding = 4; lastKnownFileType = sourcecode.swift; path = ToastReviewView.swift; sourceTree = "<group>"; };
		08EDB11C1AA00AFA00D94CF7 /* ToastHashtagsView.swift */ = {isa = PBXFileReference; fileEncoding = 4; lastKnownFileType = sourcecode.swift; path = ToastHashtagsView.swift; sourceTree = "<group>"; };
		08EDB11E1AA00B3000D94CF7 /* CarouselViews.xib */ = {isa = PBXFileReference; fileEncoding = 4; lastKnownFileType = file.xib; path = CarouselViews.xib; sourceTree = "<group>"; };
		08EDB1201AA00E4E00D94CF7 /* ToastCarouselView.swift */ = {isa = PBXFileReference; fileEncoding = 4; lastKnownFileType = sourcecode.swift; path = ToastCarouselView.swift; sourceTree = "<group>"; };
		08EDB1221AA017EB00D94CF7 /* ContributeViewController.swift */ = {isa = PBXFileReference; fileEncoding = 4; lastKnownFileType = sourcecode.swift; path = ContributeViewController.swift; sourceTree = "<group>"; };
		08F019DD1AA0A4A0001FA0B5 /* ToastSubmitView.swift */ = {isa = PBXFileReference; fileEncoding = 4; lastKnownFileType = sourcecode.swift; path = ToastSubmitView.swift; sourceTree = "<group>"; };
		08F838931A87C83900CFCAEF /* ToastsViewController.swift */ = {isa = PBXFileReference; fileEncoding = 4; lastKnownFileType = sourcecode.swift; path = ToastsViewController.swift; sourceTree = "<group>"; };
		08F838951A87C87500CFCAEF /* ToastsCollectionViewLayout.swift */ = {isa = PBXFileReference; fileEncoding = 4; lastKnownFileType = sourcecode.swift; path = ToastsCollectionViewLayout.swift; sourceTree = "<group>"; };
		08F838981A88136100CFCAEF /* PlaceCell.swift */ = {isa = PBXFileReference; fileEncoding = 4; lastKnownFileType = sourcecode.swift; path = PlaceCell.swift; sourceTree = "<group>"; };
		08F8389A1A88137400CFCAEF /* HashtagCell.swift */ = {isa = PBXFileReference; fileEncoding = 4; lastKnownFileType = sourcecode.swift; path = HashtagCell.swift; sourceTree = "<group>"; };
		08F85ADC1A8CFEF600C01CC9 /* InstagramLocation.h */ = {isa = PBXFileReference; fileEncoding = 4; lastKnownFileType = sourcecode.c.h; path = InstagramLocation.h; sourceTree = "<group>"; };
		08F85ADD1A8CFEF600C01CC9 /* InstagramLocation.m */ = {isa = PBXFileReference; fileEncoding = 4; lastKnownFileType = sourcecode.c.objc; path = InstagramLocation.m; sourceTree = "<group>"; };
		08F85AE21A8D5DD500C01CC9 /* BackgroundImageView.swift */ = {isa = PBXFileReference; fileEncoding = 4; lastKnownFileType = sourcecode.swift; path = BackgroundImageView.swift; sourceTree = "<group>"; };
		08F85AE61A8D5F0300C01CC9 /* AVFoundation.framework */ = {isa = PBXFileReference; lastKnownFileType = wrapper.framework; name = AVFoundation.framework; path = System/Library/Frameworks/AVFoundation.framework; sourceTree = SDKROOT; };
		08F85AE91A8E395900C01CC9 /* PlaceDetailViewController.swift */ = {isa = PBXFileReference; fileEncoding = 4; lastKnownFileType = sourcecode.swift; path = PlaceDetailViewController.swift; sourceTree = "<group>"; };
		08F85AEB1A8E397000C01CC9 /* PlaceDetailTableViewController.swift */ = {isa = PBXFileReference; fileEncoding = 4; lastKnownFileType = sourcecode.swift; path = PlaceDetailTableViewController.swift; sourceTree = "<group>"; };
/* End PBXFileReference section */

/* Begin PBXFrameworksBuildPhase section */
		08363F6B1A5778E4007A6827 /* Frameworks */ = {
			isa = PBXFrameworksBuildPhase;
			buildActionMask = 2147483647;
			files = (
				081420751AAB895B003BEA9E /* AddressBook.framework in Frameworks */,
				0801937E1A8E3EBC00CAA770 /* MapKit.framework in Frameworks */,
				08F85AE71A8D5F0300C01CC9 /* AVFoundation.framework in Frameworks */,
				08363FAC1A57799C007A6827 /* libsqlite3.dylib in Frameworks */,
				08363FAA1A57798A007A6827 /* libz.dylib in Frameworks */,
				08363FA81A57797E007A6827 /* SystemConfiguration.framework in Frameworks */,
				08363FA61A577975007A6827 /* StoreKit.framework in Frameworks */,
				08363FA41A57796C007A6827 /* Security.framework in Frameworks */,
				08363FA21A577962007A6827 /* QuartzCore.framework in Frameworks */,
				08363FA01A57795A007A6827 /* MobileCoreServices.framework in Frameworks */,
				08255F131A75626B00ABA356 /* Bolts.framework in Frameworks */,
				08255F151A75626B00ABA356 /* ParseFacebookUtils.framework in Frameworks */,
				08363F9E1A577952007A6827 /* CoreLocation.framework in Frameworks */,
				08363F9C1A577949007A6827 /* CoreGraphics.framework in Frameworks */,
				08255F141A75626B00ABA356 /* Parse.framework in Frameworks */,
				08363F9A1A57793F007A6827 /* CFNetwork.framework in Frameworks */,
				08363F981A577938007A6827 /* AudioToolbox.framework in Frameworks */,
				08017E801A6DD78600571FB4 /* FacebookSDK.framework in Frameworks */,
			);
			runOnlyForDeploymentPostprocessing = 0;
		};
		08363F801A5778E4007A6827 /* Frameworks */ = {
			isa = PBXFrameworksBuildPhase;
			buildActionMask = 2147483647;
			files = (
			);
			runOnlyForDeploymentPostprocessing = 0;
		};
/* End PBXFrameworksBuildPhase section */

/* Begin PBXGroup section */
		080193821A8FE43F00CAA770 /* Delivery API */ = {
			isa = PBXGroup;
			children = (
				080193851A8FE45F00CAA770 /* BookingService.swift */,
			);
			name = "Delivery API";
			sourceTree = "<group>";
		};
		08059CEE1ABE4092004A5A78 /* Data Sources */ = {
			isa = PBXGroup;
			children = (
				08059CEF1ABE40B0004A5A78 /* DiscoverDataSource.swift */,
			);
			name = "Data Sources";
			sourceTree = "<group>";
		};
		08059CF91ABE4205004A5A78 /* Cell */ = {
			isa = PBXGroup;
			children = (
				08059CF51ABE4112004A5A78 /* DiscoverCell.swift */,
				08059CF71ABE41FE004A5A78 /* DiscoverCell.xib */,
			);
			name = Cell;
			sourceTree = "<group>";
		};
		0812C9221A6432A8004A115B /* img */ = {
			isa = PBXGroup;
			children = (
				0812C9231A6432BA004A115B /* test-bg.jpg */,
			);
			name = img;
			sourceTree = "<group>";
		};
		0812C9251A645BDD004A115B /* General */ = {
			isa = PBXGroup;
			children = (
				08EDB10B1AA0010200D94CF7 /* iCarousel */,
				080193821A8FE43F00CAA770 /* Delivery API */,
				0812C9C91A647879004A115B /* Alamofire.xcodeproj */,
				0812C9491A646434004A115B /* UIKit+AFNetworking */,
				086CFB1D1A734CD500E321F7 /* InstagramKit */,
				0812C92C1A646424004A115B /* AFNetworking */,
				0812C9261A645C03004A115B /* toast-project-Bridging-Header.h */,
				08D6D1021ABE565B0013C045 /* MyLocationManager.swift */,
			);
			name = General;
			sourceTree = "<group>";
		};
		0812C92C1A646424004A115B /* AFNetworking */ = {
			isa = PBXGroup;
			children = (
				0812C92D1A646424004A115B /* AFHTTPRequestOperation.h */,
				0812C92E1A646424004A115B /* AFHTTPRequestOperation.m */,
				0812C92F1A646424004A115B /* AFHTTPRequestOperationManager.h */,
				0812C9301A646424004A115B /* AFHTTPRequestOperationManager.m */,
				0812C9311A646424004A115B /* AFHTTPSessionManager.h */,
				0812C9321A646424004A115B /* AFHTTPSessionManager.m */,
				0812C9331A646424004A115B /* AFNetworking.h */,
				0812C9341A646424004A115B /* AFNetworkReachabilityManager.h */,
				0812C9351A646424004A115B /* AFNetworkReachabilityManager.m */,
				0812C9361A646424004A115B /* AFSecurityPolicy.h */,
				0812C9371A646424004A115B /* AFSecurityPolicy.m */,
				0812C9381A646424004A115B /* AFURLConnectionOperation.h */,
				0812C9391A646424004A115B /* AFURLConnectionOperation.m */,
				0812C93A1A646424004A115B /* AFURLRequestSerialization.h */,
				0812C93B1A646424004A115B /* AFURLRequestSerialization.m */,
				0812C93C1A646424004A115B /* AFURLResponseSerialization.h */,
				0812C93D1A646424004A115B /* AFURLResponseSerialization.m */,
				0812C93E1A646424004A115B /* AFURLSessionManager.h */,
				0812C93F1A646424004A115B /* AFURLSessionManager.m */,
			);
			path = AFNetworking;
			sourceTree = "<group>";
		};
		0812C9491A646434004A115B /* UIKit+AFNetworking */ = {
			isa = PBXGroup;
			children = (
				0812C94A1A646434004A115B /* AFNetworkActivityIndicatorManager.h */,
				0812C94B1A646434004A115B /* AFNetworkActivityIndicatorManager.m */,
				0812C94C1A646434004A115B /* UIActivityIndicatorView+AFNetworking.h */,
				0812C94D1A646434004A115B /* UIActivityIndicatorView+AFNetworking.m */,
				0812C94E1A646434004A115B /* UIAlertView+AFNetworking.h */,
				0812C94F1A646434004A115B /* UIAlertView+AFNetworking.m */,
				0812C9501A646434004A115B /* UIButton+AFNetworking.h */,
				0812C9511A646434004A115B /* UIButton+AFNetworking.m */,
				0812C9521A646434004A115B /* UIImageView+AFNetworking.h */,
				0812C9531A646434004A115B /* UIImageView+AFNetworking.m */,
				0812C9541A646434004A115B /* UIKit+AFNetworking.h */,
				0812C9551A646434004A115B /* UIProgressView+AFNetworking.h */,
				0812C9561A646434004A115B /* UIProgressView+AFNetworking.m */,
				0812C9571A646434004A115B /* UIRefreshControl+AFNetworking.h */,
				0812C9581A646434004A115B /* UIRefreshControl+AFNetworking.m */,
				0812C9591A646434004A115B /* UIWebView+AFNetworking.h */,
				0812C95A1A646434004A115B /* UIWebView+AFNetworking.m */,
			);
			path = "UIKit+AFNetworking";
			sourceTree = "<group>";
		};
		0812C9631A646510004A115B /* CoreData */ = {
			isa = PBXGroup;
			children = (
				0812C9641A64651F004A115B /* Model.xcdatamodeld */,
			);
			name = CoreData;
			sourceTree = "<group>";
		};
		0812C9CA1A647879004A115B /* Products */ = {
			isa = PBXGroup;
			children = (
				0812C9D01A647879004A115B /* Alamofire.framework */,
				0812C9D21A647879004A115B /* Alamofire.framework */,
				0812C9D41A647879004A115B /* AlamofireTests.xctest */,
			);
			name = Products;
			sourceTree = "<group>";
		};
		08363F651A5778E4007A6827 = {
			isa = PBXGroup;
			children = (
				08363FAD1A5779A9007A6827 /* Frameworks */,
				08363F701A5778E4007A6827 /* toast-project */,
				08363F861A5778E4007A6827 /* toast-projectTests */,
				08363F6F1A5778E4007A6827 /* Products */,
			);
			sourceTree = "<group>";
		};
		08363F6F1A5778E4007A6827 /* Products */ = {
			isa = PBXGroup;
			children = (
				08363F6E1A5778E4007A6827 /* toast-project.app */,
				08363F831A5778E4007A6827 /* toast-projectTests.xctest */,
			);
			name = Products;
			sourceTree = "<group>";
		};
		08363F701A5778E4007A6827 /* toast-project */ = {
			isa = PBXGroup;
			children = (
				0812C9631A646510004A115B /* CoreData */,
				0812C9251A645BDD004A115B /* General */,
				08B425D21A7C492E00A72C95 /* Discover */,
				08F838901A87C81400CFCAEF /* Toasts */,
				08B425CD1A7C48B200A72C95 /* Contribution */,
				08363FAF1A577BC3007A6827 /* Main */,
				08363FAE1A577BB3007A6827 /* Login */,
				08363F731A5778E4007A6827 /* AppDelegate.swift */,
				08363F751A5778E4007A6827 /* ViewController.swift */,
				08363F771A5778E4007A6827 /* Main.storyboard */,
				08363F7A1A5778E4007A6827 /* Images.xcassets */,
				08363F7C1A5778E4007A6827 /* LaunchScreen.xib */,
				0812C9221A6432A8004A115B /* img */,
				08363F711A5778E4007A6827 /* Supporting Files */,
			);
			path = "toast-project";
			sourceTree = "<group>";
		};
		08363F711A5778E4007A6827 /* Supporting Files */ = {
			isa = PBXGroup;
			children = (
				08363F721A5778E4007A6827 /* Info.plist */,
			);
			name = "Supporting Files";
			sourceTree = "<group>";
		};
		08363F861A5778E4007A6827 /* toast-projectTests */ = {
			isa = PBXGroup;
			children = (
				08363F891A5778E4007A6827 /* toast_projectTests.swift */,
				08363F871A5778E4007A6827 /* Supporting Files */,
			);
			path = "toast-projectTests";
			sourceTree = "<group>";
		};
		08363F871A5778E4007A6827 /* Supporting Files */ = {
			isa = PBXGroup;
			children = (
				08363F881A5778E4007A6827 /* Info.plist */,
			);
			name = "Supporting Files";
			sourceTree = "<group>";
		};
		08363FAD1A5779A9007A6827 /* Frameworks */ = {
			isa = PBXGroup;
			children = (
				081420741AAB895B003BEA9E /* AddressBook.framework */,
				0801937D1A8E3EBC00CAA770 /* MapKit.framework */,
				08F85AE61A8D5F0300C01CC9 /* AVFoundation.framework */,
				08255F101A75626B00ABA356 /* Bolts.framework */,
				08255F111A75626B00ABA356 /* Parse.framework */,
				08255F121A75626B00ABA356 /* ParseFacebookUtils.framework */,
				08017E7F1A6DD78600571FB4 /* FacebookSDK.framework */,
				08363FAB1A57799C007A6827 /* libsqlite3.dylib */,
				08363FA91A57798A007A6827 /* libz.dylib */,
				08363FA71A57797E007A6827 /* SystemConfiguration.framework */,
				08363FA51A577974007A6827 /* StoreKit.framework */,
				08363FA31A57796C007A6827 /* Security.framework */,
				08363FA11A577962007A6827 /* QuartzCore.framework */,
				08363F9F1A57795A007A6827 /* MobileCoreServices.framework */,
				08363F9D1A577952007A6827 /* CoreLocation.framework */,
				08363F9B1A577949007A6827 /* CoreGraphics.framework */,
				08363F991A57793F007A6827 /* CFNetwork.framework */,
				08363F971A577938007A6827 /* AudioToolbox.framework */,
			);
			name = Frameworks;
			sourceTree = "<group>";
		};
		08363FAE1A577BB3007A6827 /* Login */ = {
			isa = PBXGroup;
			children = (
				08EDB0FA1A9D070800D94CF7 /* Views */,
				08363FB01A577C63007A6827 /* LoginViewController.swift */,
				086CFB3D1A73CD4600E321F7 /* LoginInstagramViewController.swift */,
			);
			name = Login;
			sourceTree = "<group>";
		};
		08363FAF1A577BC3007A6827 /* Main */ = {
			isa = PBXGroup;
			children = (
				080377501A7341ED00E75297 /* LoginSuccesViewController.swift */,
				08E184B71A90BFFC00C9A956 /* MainViewController.swift */,
				08E184BB1A90D63B00C9A956 /* MainMenuTableViewController.swift */,
			);
			name = Main;
			sourceTree = "<group>";
		};
		084C145B1AA1003C005FB0E9 /* Name/Review Aux VC */ = {
			isa = PBXGroup;
			children = (
				084C145E1AA100B3005FB0E9 /* SearchPlaceViewController.swift */,
				08B905EC1AA1E8D6009F3B21 /* ReviewPlaceViewController.swift */,
			);
			name = "Name/Review Aux VC";
			sourceTree = "<group>";
		};
		0858BF101AB9B16900DCEBA6 /* Reviews */ = {
			isa = PBXGroup;
			children = (
				0858BF111AB9B18100DCEBA6 /* ReviewCell.swift */,
				0858BF131AB9B19F00DCEBA6 /* ReviewsTableViewDataSource.swift */,
				08C993861ABCAAC700692721 /* ReviewerButton.swift */,
			);
			name = Reviews;
			sourceTree = "<group>";
		};
		086CFB1D1A734CD500E321F7 /* InstagramKit */ = {
			isa = PBXGroup;
			children = (
				086CFB1E1A734CD500E321F7 /* Engine */,
				086CFB211A734CD500E321F7 /* InstagramKit.h */,
				086CFB221A734CD500E321F7 /* InstagramKit.plist */,
				086CFB231A734CD500E321F7 /* Models */,
			);
			path = InstagramKit;
			sourceTree = "<group>";
		};
		086CFB1E1A734CD500E321F7 /* Engine */ = {
			isa = PBXGroup;
			children = (
				086CFB1F1A734CD500E321F7 /* InstagramEngine.h */,
				086CFB201A734CD500E321F7 /* InstagramEngine.m */,
			);
			path = Engine;
			sourceTree = "<group>";
		};
		086CFB231A734CD500E321F7 /* Models */ = {
			isa = PBXGroup;
			children = (
				086CFB241A734CD500E321F7 /* IKUserInPhoto.h */,
				086CFB251A734CD500E321F7 /* IKUserInPhoto.m */,
				086CFB261A734CD500E321F7 /* InstagramComment.h */,
				086CFB271A734CD500E321F7 /* InstagramComment.m */,
				086CFB281A734CD500E321F7 /* InstagramMedia.h */,
				086CFB291A734CD500E321F7 /* InstagramMedia.m */,
				086CFB2A1A734CD500E321F7 /* InstagramModel.h */,
				086CFB2B1A734CD500E321F7 /* InstagramModel.m */,
				086CFB2C1A734CD500E321F7 /* InstagramPaginationInfo.h */,
				086CFB2D1A734CD500E321F7 /* InstagramPaginationInfo.m */,
				086CFB2E1A734CD500E321F7 /* InstagramTag.h */,
				086CFB2F1A734CD500E321F7 /* InstagramTag.m */,
				086CFB301A734CD500E321F7 /* InstagramUser.h */,
				086CFB311A734CD500E321F7 /* InstagramUser.m */,
				08F85ADC1A8CFEF600C01CC9 /* InstagramLocation.h */,
				08F85ADD1A8CFEF600C01CC9 /* InstagramLocation.m */,
			);
			path = Models;
			sourceTree = "<group>";
		};
		08B425CD1A7C48B200A72C95 /* Contribution */ = {
			isa = PBXGroup;
			children = (
				08EDB1111AA00A4C00D94CF7 /* CarouselViews */,
				084C145B1AA1003C005FB0E9 /* Name/Review Aux VC */,
				08EDB1221AA017EB00D94CF7 /* ContributeViewController.swift */,
			);
			name = Contribution;
			sourceTree = "<group>";
		};
		08B425D21A7C492E00A72C95 /* Discover */ = {
			isa = PBXGroup;
			children = (
				08059CEA1ABE407D004A5A78 /* DiscoverViewController.swift */,
				08059CF91ABE4205004A5A78 /* Cell */,
				08059CEE1ABE4092004A5A78 /* Data Sources */,
				08DB82451A87B6AA00AEE163 /* Discover1ViewController.swift */,
				08EDB0FF1A9DFDBC00D94CF7 /* SelectMoodViewController.swift */,
				08EDB1011A9E534100D94CF7 /* TransitioningHelpers */,
				08DB824B1A87BA9A00AEE163 /* FriendsLike */,
			);
			name = Discover;
			sourceTree = "<group>";
		};
		08C2E8CB1A885E58009A44F6 /* Hashtags */ = {
			isa = PBXGroup;
			children = (
				08C2E8D31A88F7FB009A44F6 /* HashtagCollectionViewDataSource.swift */,
				08F8389A1A88137400CFCAEF /* HashtagCell.swift */,
			);
			name = Hashtags;
			sourceTree = "<group>";
		};
		08C9937F1ABC4A7500692721 /* Review Detail */ = {
			isa = PBXGroup;
			children = (
				08C993821ABC4AC900692721 /* ReviewDetailViewController.swift */,
				08C993841ABC4ADA00692721 /* ReviewDetailTableViewController.swift */,
			);
			name = "Review Detail";
			sourceTree = "<group>";
		};
		08DB824B1A87BA9A00AEE163 /* FriendsLike */ = {
			isa = PBXGroup;
			children = (
				08DB82471A87BA6800AEE163 /* MoodsHeaderTableViewCell.swift */,
				08DB82491A87BA9700AEE163 /* FriendsLikeCollectionViewCell.swift */,
			);
			name = FriendsLike;
			sourceTree = "<group>";
		};
		08EDB0FA1A9D070800D94CF7 /* Views */ = {
			isa = PBXGroup;
			children = (
				08EDB0FD1A9D072300D94CF7 /* MyLoginButtonView.swift */,
			);
			name = Views;
			sourceTree = "<group>";
		};
		08EDB1011A9E534100D94CF7 /* TransitioningHelpers */ = {
			isa = PBXGroup;
			children = (
				08EDB1041A9E538B00D94CF7 /* DiscoverTransitioning.swift */,
			);
			name = TransitioningHelpers;
			sourceTree = "<group>";
		};
		08EDB10B1AA0010200D94CF7 /* iCarousel */ = {
			isa = PBXGroup;
			children = (
				08EDB10C1AA0010200D94CF7 /* iCarousel.h */,
				08EDB10D1AA0010200D94CF7 /* iCarousel.m */,
			);
			path = iCarousel;
			sourceTree = "<group>";
		};
		08EDB1111AA00A4C00D94CF7 /* CarouselViews */ = {
			isa = PBXGroup;
			children = (
				08EDB1121AA00A7400D94CF7 /* ToastNameView.swift */,
				08EDB1141AA00AA100D94CF7 /* ToastMoodsView.swift */,
				08EDB1161AA00AB700D94CF7 /* ToastRushView.swift */,
				08EDB1181AA00ACC00D94CF7 /* ToastVegetarianView.swift */,
				08EDB11A1AA00AED00D94CF7 /* ToastReviewView.swift */,
				08EDB11C1AA00AFA00D94CF7 /* ToastHashtagsView.swift */,
				08F019DD1AA0A4A0001FA0B5 /* ToastSubmitView.swift */,
				08EDB1201AA00E4E00D94CF7 /* ToastCarouselView.swift */,
				08EDB11E1AA00B3000D94CF7 /* CarouselViews.xib */,
				08B905E61AA14A29009F3B21 /* ToastMoodCell.xib */,
				08B905EA1AA14AB1009F3B21 /* ToastHashtagCell.xib */,
			);
			name = CarouselViews;
			sourceTree = "<group>";
		};
		08F838901A87C81400CFCAEF /* Toasts */ = {
			isa = PBXGroup;
			children = (
				08F838931A87C83900CFCAEF /* ToastsViewController.swift */,
				08F838951A87C87500CFCAEF /* ToastsCollectionViewLayout.swift */,
				08F838971A88108700CFCAEF /* Cells */,
				08C9937F1ABC4A7500692721 /* Review Detail */,
				08F85AE81A8E393900C01CC9 /* Place Detail */,
			);
			name = Toasts;
			sourceTree = "<group>";
		};
		08F838971A88108700CFCAEF /* Cells */ = {
			isa = PBXGroup;
			children = (
				08F838981A88136100CFCAEF /* PlaceCell.swift */,
				08F85AE21A8D5DD500C01CC9 /* BackgroundImageView.swift */,
				0858BF101AB9B16900DCEBA6 /* Reviews */,
				08C2E8CB1A885E58009A44F6 /* Hashtags */,
			);
			name = Cells;
			sourceTree = "<group>";
		};
		08F85AE81A8E393900C01CC9 /* Place Detail */ = {
			isa = PBXGroup;
			children = (
				08F85AE91A8E395900C01CC9 /* PlaceDetailViewController.swift */,
				08F85AEB1A8E397000C01CC9 /* PlaceDetailTableViewController.swift */,
				080193871A8FFF9300CAA770 /* GenericWebViewController.swift */,
			);
			name = "Place Detail";
			sourceTree = "<group>";
		};
/* End PBXGroup section */

/* Begin PBXNativeTarget section */
		08363F6D1A5778E4007A6827 /* toast-project */ = {
			isa = PBXNativeTarget;
			buildConfigurationList = 08363F8D1A5778E4007A6827 /* Build configuration list for PBXNativeTarget "toast-project" */;
			buildPhases = (
				08363F6A1A5778E4007A6827 /* Sources */,
				08363F6B1A5778E4007A6827 /* Frameworks */,
				08363F6C1A5778E4007A6827 /* Resources */,
				0812C9D71A6478EB004A115B /* Copy Frameworks */,
			);
			buildRules = (
			);
			dependencies = (
				0812C9D61A6478DF004A115B /* PBXTargetDependency */,
			);
			name = "toast-project";
			productName = "toast-project";
			productReference = 08363F6E1A5778E4007A6827 /* toast-project.app */;
			productType = "com.apple.product-type.application";
		};
		08363F821A5778E4007A6827 /* toast-projectTests */ = {
			isa = PBXNativeTarget;
			buildConfigurationList = 08363F901A5778E4007A6827 /* Build configuration list for PBXNativeTarget "toast-projectTests" */;
			buildPhases = (
				08363F7F1A5778E4007A6827 /* Sources */,
				08363F801A5778E4007A6827 /* Frameworks */,
				08363F811A5778E4007A6827 /* Resources */,
			);
			buildRules = (
			);
			dependencies = (
				08363F851A5778E4007A6827 /* PBXTargetDependency */,
			);
			name = "toast-projectTests";
			productName = "toast-projectTests";
			productReference = 08363F831A5778E4007A6827 /* toast-projectTests.xctest */;
			productType = "com.apple.product-type.bundle.unit-test";
		};
/* End PBXNativeTarget section */

/* Begin PBXProject section */
		08363F661A5778E4007A6827 /* Project object */ = {
			isa = PBXProject;
			attributes = {
				LastUpgradeCheck = 0610;
				ORGANIZATIONNAME = "Diego Cruz";
				TargetAttributes = {
					08363F6D1A5778E4007A6827 = {
						CreatedOnToolsVersion = 6.1.1;
						DevelopmentTeam = Y2X429E8XQ;
					};
					08363F821A5778E4007A6827 = {
						CreatedOnToolsVersion = 6.1.1;
						TestTargetID = 08363F6D1A5778E4007A6827;
					};
				};
			};
			buildConfigurationList = 08363F691A5778E4007A6827 /* Build configuration list for PBXProject "toast-project" */;
			compatibilityVersion = "Xcode 3.2";
			developmentRegion = English;
			hasScannedForEncodings = 0;
			knownRegions = (
				en,
				Base,
			);
			mainGroup = 08363F651A5778E4007A6827;
			productRefGroup = 08363F6F1A5778E4007A6827 /* Products */;
			projectDirPath = "";
			projectReferences = (
				{
					ProductGroup = 0812C9CA1A647879004A115B /* Products */;
					ProjectRef = 0812C9C91A647879004A115B /* Alamofire.xcodeproj */;
				},
			);
			projectRoot = "";
			targets = (
				08363F6D1A5778E4007A6827 /* toast-project */,
				08363F821A5778E4007A6827 /* toast-projectTests */,
			);
		};
/* End PBXProject section */

/* Begin PBXReferenceProxy section */
		0812C9D01A647879004A115B /* Alamofire.framework */ = {
			isa = PBXReferenceProxy;
			fileType = wrapper.framework;
			path = Alamofire.framework;
			remoteRef = 0812C9CF1A647879004A115B /* PBXContainerItemProxy */;
			sourceTree = BUILT_PRODUCTS_DIR;
		};
		0812C9D21A647879004A115B /* Alamofire.framework */ = {
			isa = PBXReferenceProxy;
			fileType = wrapper.framework;
			path = Alamofire.framework;
			remoteRef = 0812C9D11A647879004A115B /* PBXContainerItemProxy */;
			sourceTree = BUILT_PRODUCTS_DIR;
		};
		0812C9D41A647879004A115B /* AlamofireTests.xctest */ = {
			isa = PBXReferenceProxy;
			fileType = wrapper.cfbundle;
			path = AlamofireTests.xctest;
			remoteRef = 0812C9D31A647879004A115B /* PBXContainerItemProxy */;
			sourceTree = BUILT_PRODUCTS_DIR;
		};
/* End PBXReferenceProxy section */

/* Begin PBXResourcesBuildPhase section */
		08363F6C1A5778E4007A6827 /* Resources */ = {
			isa = PBXResourcesBuildPhase;
			buildActionMask = 2147483647;
			files = (
				08B905EB1AA14AB1009F3B21 /* ToastHashtagCell.xib in Resources */,
				08363F791A5778E4007A6827 /* Main.storyboard in Resources */,
				08363F7E1A5778E4007A6827 /* LaunchScreen.xib in Resources */,
				08059CF81ABE41FE004A5A78 /* DiscoverCell.xib in Resources */,
				0812C9241A6432BA004A115B /* test-bg.jpg in Resources */,
				08B905E71AA14A29009F3B21 /* ToastMoodCell.xib in Resources */,
				086CFB331A734CD500E321F7 /* InstagramKit.plist in Resources */,
				08EDB11F1AA00B3000D94CF7 /* CarouselViews.xib in Resources */,
				08363F7B1A5778E4007A6827 /* Images.xcassets in Resources */,
			);
			runOnlyForDeploymentPostprocessing = 0;
		};
		08363F811A5778E4007A6827 /* Resources */ = {
			isa = PBXResourcesBuildPhase;
			buildActionMask = 2147483647;
			files = (
			);
			runOnlyForDeploymentPostprocessing = 0;
		};
/* End PBXResourcesBuildPhase section */

/* Begin PBXSourcesBuildPhase section */
		08363F6A1A5778E4007A6827 /* Sources */ = {
			isa = PBXSourcesBuildPhase;
			buildActionMask = 2147483647;
			files = (
				08F019DE1AA0A4A0001FA0B5 /* ToastSubmitView.swift in Sources */,
				08EDB11B1AA00AED00D94CF7 /* ToastReviewView.swift in Sources */,
				086CFB321A734CD500E321F7 /* InstagramEngine.m in Sources */,
				0812C9601A646434004A115B /* UIProgressView+AFNetworking.m in Sources */,
				08D6D1031ABE565B0013C045 /* MyLocationManager.swift in Sources */,
				0812C95E1A646434004A115B /* UIButton+AFNetworking.m in Sources */,
				08EDB10E1AA0010200D94CF7 /* iCarousel.m in Sources */,
				0812C9611A646434004A115B /* UIRefreshControl+AFNetworking.m in Sources */,
				08E184B81A90BFFC00C9A956 /* MainViewController.swift in Sources */,
				0812C95D1A646434004A115B /* UIAlertView+AFNetworking.m in Sources */,
				086CFB341A734CD500E321F7 /* IKUserInPhoto.m in Sources */,
				08DB824A1A87BA9700AEE163 /* FriendsLikeCollectionViewCell.swift in Sources */,
				08EDB1191AA00ACC00D94CF7 /* ToastVegetarianView.swift in Sources */,
				086CFB3E1A73CD4600E321F7 /* LoginInstagramViewController.swift in Sources */,
				08F8389B1A88137400CFCAEF /* HashtagCell.swift in Sources */,
				08363FB11A577C63007A6827 /* LoginViewController.swift in Sources */,
				08F85AEA1A8E395900C01CC9 /* PlaceDetailViewController.swift in Sources */,
				0812C9441A646424004A115B /* AFSecurityPolicy.m in Sources */,
				08363F761A5778E4007A6827 /* ViewController.swift in Sources */,
				086CFB371A734CD500E321F7 /* InstagramModel.m in Sources */,
				08EDB1001A9DFDBC00D94CF7 /* SelectMoodViewController.swift in Sources */,
				08059CF01ABE40B0004A5A78 /* DiscoverDataSource.swift in Sources */,
				080193861A8FE45F00CAA770 /* BookingService.swift in Sources */,
				08EDB0FE1A9D072300D94CF7 /* MyLoginButtonView.swift in Sources */,
				08DB82481A87BA6800AEE163 /* MoodsHeaderTableViewCell.swift in Sources */,
				08C2E8D41A88F7FB009A44F6 /* HashtagCollectionViewDataSource.swift in Sources */,
				0812C9411A646424004A115B /* AFHTTPRequestOperationManager.m in Sources */,
				0812C9451A646424004A115B /* AFURLConnectionOperation.m in Sources */,
				08F838941A87C83900CFCAEF /* ToastsViewController.swift in Sources */,
				08B905ED1AA1E8D6009F3B21 /* ReviewPlaceViewController.swift in Sources */,
				08059CF61ABE4112004A5A78 /* DiscoverCell.swift in Sources */,
				08EDB11D1AA00AFA00D94CF7 /* ToastHashtagsView.swift in Sources */,
				08F838961A87C87500CFCAEF /* ToastsCollectionViewLayout.swift in Sources */,
				08EDB1231AA017EB00D94CF7 /* ContributeViewController.swift in Sources */,
				08EDB1131AA00A7400D94CF7 /* ToastNameView.swift in Sources */,
				08EDB1051A9E538B00D94CF7 /* DiscoverTransitioning.swift in Sources */,
				08EDB1151AA00AA100D94CF7 /* ToastMoodsView.swift in Sources */,
				0812C95F1A646434004A115B /* UIImageView+AFNetworking.m in Sources */,
				080193881A8FFF9300CAA770 /* GenericWebViewController.swift in Sources */,
				0812C9401A646424004A115B /* AFHTTPRequestOperation.m in Sources */,
				08DB82461A87B6AA00AEE163 /* Discover1ViewController.swift in Sources */,
				08F838991A88136100CFCAEF /* PlaceCell.swift in Sources */,
				08EDB1211AA00E4E00D94CF7 /* ToastCarouselView.swift in Sources */,
				0858BF141AB9B19F00DCEBA6 /* ReviewsTableViewDataSource.swift in Sources */,
				0812C95C1A646434004A115B /* UIActivityIndicatorView+AFNetworking.m in Sources */,
				08363F741A5778E4007A6827 /* AppDelegate.swift in Sources */,
				0812C9461A646424004A115B /* AFURLRequestSerialization.m in Sources */,
				0858BF121AB9B18100DCEBA6 /* ReviewCell.swift in Sources */,
				08C993871ABCAAC700692721 /* ReviewerButton.swift in Sources */,
				08F85ADE1A8CFEF600C01CC9 /* InstagramLocation.m in Sources */,
				0812C9421A646424004A115B /* AFHTTPSessionManager.m in Sources */,
				08E184BC1A90D63B00C9A956 /* MainMenuTableViewController.swift in Sources */,
				080377511A7341ED00E75297 /* LoginSuccesViewController.swift in Sources */,
				0812C9431A646424004A115B /* AFNetworkReachabilityManager.m in Sources */,
				086CFB391A734CD500E321F7 /* InstagramTag.m in Sources */,
				086CFB381A734CD500E321F7 /* InstagramPaginationInfo.m in Sources */,
				0812C9471A646424004A115B /* AFURLResponseSerialization.m in Sources */,
				086CFB361A734CD500E321F7 /* InstagramMedia.m in Sources */,
				0812C9661A64651F004A115B /* Model.xcdatamodeld in Sources */,
				08059CEB1ABE407D004A5A78 /* DiscoverViewController.swift in Sources */,
				08C993851ABC4ADA00692721 /* ReviewDetailTableViewController.swift in Sources */,
				08EDB1171AA00AB700D94CF7 /* ToastRushView.swift in Sources */,
				08F85AE31A8D5DD500C01CC9 /* BackgroundImageView.swift in Sources */,
				086CFB351A734CD500E321F7 /* InstagramComment.m in Sources */,
				08C993831ABC4AC900692721 /* ReviewDetailViewController.swift in Sources */,
				084C145F1AA100B3005FB0E9 /* SearchPlaceViewController.swift in Sources */,
				0812C9621A646434004A115B /* UIWebView+AFNetworking.m in Sources */,
				086CFB3A1A734CD500E321F7 /* InstagramUser.m in Sources */,
				08F85AEC1A8E397000C01CC9 /* PlaceDetailTableViewController.swift in Sources */,
				0812C9481A646424004A115B /* AFURLSessionManager.m in Sources */,
				0812C95B1A646434004A115B /* AFNetworkActivityIndicatorManager.m in Sources */,
			);
			runOnlyForDeploymentPostprocessing = 0;
		};
		08363F7F1A5778E4007A6827 /* Sources */ = {
			isa = PBXSourcesBuildPhase;
			buildActionMask = 2147483647;
			files = (
				08363F8A1A5778E4007A6827 /* toast_projectTests.swift in Sources */,
			);
			runOnlyForDeploymentPostprocessing = 0;
		};
/* End PBXSourcesBuildPhase section */

/* Begin PBXTargetDependency section */
		0812C9D61A6478DF004A115B /* PBXTargetDependency */ = {
			isa = PBXTargetDependency;
			name = "Alamofire iOS";
			targetProxy = 0812C9D51A6478DF004A115B /* PBXContainerItemProxy */;
		};
		08363F851A5778E4007A6827 /* PBXTargetDependency */ = {
			isa = PBXTargetDependency;
			target = 08363F6D1A5778E4007A6827 /* toast-project */;
			targetProxy = 08363F841A5778E4007A6827 /* PBXContainerItemProxy */;
		};
/* End PBXTargetDependency section */

/* Begin PBXVariantGroup section */
		08363F771A5778E4007A6827 /* Main.storyboard */ = {
			isa = PBXVariantGroup;
			children = (
				08363F781A5778E4007A6827 /* Base */,
			);
			name = Main.storyboard;
			sourceTree = "<group>";
		};
		08363F7C1A5778E4007A6827 /* LaunchScreen.xib */ = {
			isa = PBXVariantGroup;
			children = (
				08363F7D1A5778E4007A6827 /* Base */,
			);
			name = LaunchScreen.xib;
			sourceTree = "<group>";
		};
/* End PBXVariantGroup section */

/* Begin XCBuildConfiguration section */
		08363F8B1A5778E4007A6827 /* Debug */ = {
			isa = XCBuildConfiguration;
			buildSettings = {
				ALWAYS_SEARCH_USER_PATHS = NO;
				CLANG_CXX_LANGUAGE_STANDARD = "gnu++0x";
				CLANG_CXX_LIBRARY = "libc++";
				CLANG_ENABLE_MODULES = YES;
				CLANG_ENABLE_OBJC_ARC = YES;
				CLANG_WARN_BOOL_CONVERSION = YES;
				CLANG_WARN_CONSTANT_CONVERSION = YES;
				CLANG_WARN_DIRECT_OBJC_ISA_USAGE = YES_ERROR;
				CLANG_WARN_EMPTY_BODY = YES;
				CLANG_WARN_ENUM_CONVERSION = YES;
				CLANG_WARN_INT_CONVERSION = YES;
				CLANG_WARN_OBJC_ROOT_CLASS = YES_ERROR;
				CLANG_WARN_UNREACHABLE_CODE = YES;
				CLANG_WARN__DUPLICATE_METHOD_MATCH = YES;
				"CODE_SIGN_IDENTITY[sdk=iphoneos*]" = "iPhone Developer";
				COPY_PHASE_STRIP = NO;
				ENABLE_STRICT_OBJC_MSGSEND = YES;
				GCC_C_LANGUAGE_STANDARD = gnu99;
				GCC_DYNAMIC_NO_PIC = NO;
				GCC_OPTIMIZATION_LEVEL = 0;
				GCC_PREPROCESSOR_DEFINITIONS = (
					"DEBUG=1",
					"$(inherited)",
				);
				GCC_SYMBOLS_PRIVATE_EXTERN = NO;
				GCC_WARN_64_TO_32_BIT_CONVERSION = YES;
				GCC_WARN_ABOUT_RETURN_TYPE = YES_ERROR;
				GCC_WARN_UNDECLARED_SELECTOR = YES;
				GCC_WARN_UNINITIALIZED_AUTOS = YES_AGGRESSIVE;
				GCC_WARN_UNUSED_FUNCTION = YES;
				GCC_WARN_UNUSED_VARIABLE = YES;
				IPHONEOS_DEPLOYMENT_TARGET = 8.1;
				MTL_ENABLE_DEBUG_INFO = YES;
				ONLY_ACTIVE_ARCH = YES;
				SDKROOT = iphoneos;
				SWIFT_OPTIMIZATION_LEVEL = "-Onone";
			};
			name = Debug;
		};
		08363F8C1A5778E4007A6827 /* Release */ = {
			isa = XCBuildConfiguration;
			buildSettings = {
				ALWAYS_SEARCH_USER_PATHS = NO;
				CLANG_CXX_LANGUAGE_STANDARD = "gnu++0x";
				CLANG_CXX_LIBRARY = "libc++";
				CLANG_ENABLE_MODULES = YES;
				CLANG_ENABLE_OBJC_ARC = YES;
				CLANG_WARN_BOOL_CONVERSION = YES;
				CLANG_WARN_CONSTANT_CONVERSION = YES;
				CLANG_WARN_DIRECT_OBJC_ISA_USAGE = YES_ERROR;
				CLANG_WARN_EMPTY_BODY = YES;
				CLANG_WARN_ENUM_CONVERSION = YES;
				CLANG_WARN_INT_CONVERSION = YES;
				CLANG_WARN_OBJC_ROOT_CLASS = YES_ERROR;
				CLANG_WARN_UNREACHABLE_CODE = YES;
				CLANG_WARN__DUPLICATE_METHOD_MATCH = YES;
				"CODE_SIGN_IDENTITY[sdk=iphoneos*]" = "iPhone Developer";
				COPY_PHASE_STRIP = YES;
				ENABLE_NS_ASSERTIONS = NO;
				ENABLE_STRICT_OBJC_MSGSEND = YES;
				GCC_C_LANGUAGE_STANDARD = gnu99;
				GCC_WARN_64_TO_32_BIT_CONVERSION = YES;
				GCC_WARN_ABOUT_RETURN_TYPE = YES_ERROR;
				GCC_WARN_UNDECLARED_SELECTOR = YES;
				GCC_WARN_UNINITIALIZED_AUTOS = YES_AGGRESSIVE;
				GCC_WARN_UNUSED_FUNCTION = YES;
				GCC_WARN_UNUSED_VARIABLE = YES;
				IPHONEOS_DEPLOYMENT_TARGET = 8.1;
				MTL_ENABLE_DEBUG_INFO = NO;
				SDKROOT = iphoneos;
				VALIDATE_PRODUCT = YES;
			};
			name = Release;
		};
		08363F8E1A5778E4007A6827 /* Debug */ = {
			isa = XCBuildConfiguration;
			buildSettings = {
				ASSETCATALOG_COMPILER_APPICON_NAME = AppIcon;
				CLANG_ENABLE_MODULES = YES;
				CODE_SIGN_IDENTITY = "iPhone Developer";
				"CODE_SIGN_IDENTITY[sdk=iphoneos*]" = "iPhone Developer";
				FRAMEWORK_SEARCH_PATHS = (
					"$(inherited)",
					"$(PROJECT_DIR)/toast-project",
					"$(PROJECT_DIR)",
					/Users/diegocruz/Documents/FacebookSDK,
				);
				INFOPLIST_FILE = "toast-project/Info.plist";
				IPHONEOS_DEPLOYMENT_TARGET = 8.0;
				LD_RUNPATH_SEARCH_PATHS = "$(inherited) @executable_path/Frameworks";
				PRODUCT_NAME = "$(TARGET_NAME)";
				PROVISIONING_PROFILE = "";
				SWIFT_OBJC_BRIDGING_HEADER = "toast-project/toast-project-Bridging-Header.h";
				SWIFT_OPTIMIZATION_LEVEL = "-Onone";
			};
			name = Debug;
		};
		08363F8F1A5778E4007A6827 /* Release */ = {
			isa = XCBuildConfiguration;
			buildSettings = {
				ASSETCATALOG_COMPILER_APPICON_NAME = AppIcon;
				CLANG_ENABLE_MODULES = YES;
				CODE_SIGN_IDENTITY = "iPhone Developer";
				"CODE_SIGN_IDENTITY[sdk=iphoneos*]" = "iPhone Developer";
				FRAMEWORK_SEARCH_PATHS = (
					"$(inherited)",
					"$(PROJECT_DIR)/toast-project",
					"$(PROJECT_DIR)",
					/Users/diegocruz/Documents/FacebookSDK,
				);
				INFOPLIST_FILE = "toast-project/Info.plist";
				IPHONEOS_DEPLOYMENT_TARGET = 8.0;
				LD_RUNPATH_SEARCH_PATHS = "$(inherited) @executable_path/Frameworks";
				PRODUCT_NAME = "$(TARGET_NAME)";
				PROVISIONING_PROFILE = "";
				SWIFT_OBJC_BRIDGING_HEADER = "toast-project/toast-project-Bridging-Header.h";
			};
			name = Release;
		};
		08363F911A5778E4007A6827 /* Debug */ = {
			isa = XCBuildConfiguration;
			buildSettings = {
				BUNDLE_LOADER = "$(TEST_HOST)";
				FRAMEWORK_SEARCH_PATHS = (
					"$(SDKROOT)/Developer/Library/Frameworks",
					"$(inherited)",
				);
				GCC_PREPROCESSOR_DEFINITIONS = (
					"DEBUG=1",
					"$(inherited)",
				);
				INFOPLIST_FILE = "toast-projectTests/Info.plist";
				LD_RUNPATH_SEARCH_PATHS = "$(inherited) @executable_path/Frameworks @loader_path/Frameworks";
				PRODUCT_NAME = "$(TARGET_NAME)";
				TEST_HOST = "$(BUILT_PRODUCTS_DIR)/toast-project.app/toast-project";
			};
			name = Debug;
		};
		08363F921A5778E4007A6827 /* Release */ = {
			isa = XCBuildConfiguration;
			buildSettings = {
				BUNDLE_LOADER = "$(TEST_HOST)";
				FRAMEWORK_SEARCH_PATHS = (
					"$(SDKROOT)/Developer/Library/Frameworks",
					"$(inherited)",
				);
				INFOPLIST_FILE = "toast-projectTests/Info.plist";
				LD_RUNPATH_SEARCH_PATHS = "$(inherited) @executable_path/Frameworks @loader_path/Frameworks";
				PRODUCT_NAME = "$(TARGET_NAME)";
				TEST_HOST = "$(BUILT_PRODUCTS_DIR)/toast-project.app/toast-project";
			};
			name = Release;
		};
/* End XCBuildConfiguration section */

/* Begin XCConfigurationList section */
		08363F691A5778E4007A6827 /* Build configuration list for PBXProject "toast-project" */ = {
			isa = XCConfigurationList;
			buildConfigurations = (
				08363F8B1A5778E4007A6827 /* Debug */,
				08363F8C1A5778E4007A6827 /* Release */,
			);
			defaultConfigurationIsVisible = 0;
			defaultConfigurationName = Release;
		};
		08363F8D1A5778E4007A6827 /* Build configuration list for PBXNativeTarget "toast-project" */ = {
			isa = XCConfigurationList;
			buildConfigurations = (
				08363F8E1A5778E4007A6827 /* Debug */,
				08363F8F1A5778E4007A6827 /* Release */,
			);
			defaultConfigurationIsVisible = 0;
			defaultConfigurationName = Release;
		};
		08363F901A5778E4007A6827 /* Build configuration list for PBXNativeTarget "toast-projectTests" */ = {
			isa = XCConfigurationList;
			buildConfigurations = (
				08363F911A5778E4007A6827 /* Debug */,
				08363F921A5778E4007A6827 /* Release */,
			);
			defaultConfigurationIsVisible = 0;
			defaultConfigurationName = Release;
		};
/* End XCConfigurationList section */

/* Begin XCVersionGroup section */
		0812C9641A64651F004A115B /* Model.xcdatamodeld */ = {
			isa = XCVersionGroup;
			children = (
				0812C9651A64651F004A115B /* Model.xcdatamodel */,
			);
			currentVersion = 0812C9651A64651F004A115B /* Model.xcdatamodel */;
			path = Model.xcdatamodeld;
			sourceTree = "<group>";
			versionGroupType = wrapper.xcdatamodel;
		};
/* End XCVersionGroup section */
	};
	rootObject = 08363F661A5778E4007A6827 /* Project object */;
}
